<?xml version="1.0" encoding="utf-8"?>
<Project ToolsVersion="4.0" xmlns="http://schemas.microsoft.com/developer/msbuild/2003">
  <ItemGroup>
    <Filter Include="qwadro">
      <UniqueIdentifier>{4d19cb36-9f4e-4675-8e08-3d860b246f15}</UniqueIdentifier>
    </Filter>
    <Filter Include="_dll">
      <UniqueIdentifier>{fe663df2-10e0-4928-bb9a-fa629e25f8fb}</UniqueIdentifier>
    </Filter>
    <Filter Include="qwadro\sim">
      <UniqueIdentifier>{2f407ed3-dab5-4277-8ec5-33e7c7e1b64f}</UniqueIdentifier>
    </Filter>
    <Filter Include="qwadro\sim\impl">
      <UniqueIdentifier>{c8f4cd25-0377-4432-9a36-8e1833d41109}</UniqueIdentifier>
    </Filter>
    <Filter Include="qwadro\sim\io">
      <UniqueIdentifier>{fd97b524-c9a2-4fa3-88a0-5963f9c7016a}</UniqueIdentifier>
    </Filter>
    <Filter Include="qwadro\sim\body">
      <UniqueIdentifier>{3dcb5169-f799-4eb8-94e0-bb85dec39221}</UniqueIdentifier>
    </Filter>
    <Filter Include="qwadro\sim\op">
      <UniqueIdentifier>{83f1d15f-f865-49a0-93b8-07709c273b45}</UniqueIdentifier>
    </Filter>
    <Filter Include="qwadro\sim\dev">
      <UniqueIdentifier>{4d73ebc4-01bb-4411-92f1-e29a276c5429}</UniqueIdentifier>
    </Filter>
    <Filter Include="qwadro\cine">
      <UniqueIdentifier>{75fcb7a8-9c57-4828-bc87-296b28af7d6d}</UniqueIdentifier>
    </Filter>
    <Filter Include="qwadro\scene">
      <UniqueIdentifier>{81b525e1-9bad-48bc-bc67-0bacd2ff1c5c}</UniqueIdentifier>
    </Filter>
  </ItemGroup>
  <ItemGroup>
    <ClInclude Include="resource.h">
      <Filter>_dll</Filter>
    </ClInclude>
    <ClInclude Include="..\..\inc\sim\afxSimBridge.h">
      <Filter>qwadro\sim</Filter>
    </ClInclude>
    <ClInclude Include="..\..\inc\sim\afxEngine.h">
      <Filter>qwadro\sim</Filter>
    </ClInclude>
    <ClInclude Include="..\..\inc\sim\afxSimulation.h">
      <Filter>qwadro\sim</Filter>
    </ClInclude>
    <ClInclude Include="..\..\inc\sim\afxTerrain.h">
      <Filter>qwadro\sim</Filter>
    </ClInclude>
    <ClInclude Include="..\..\inc\sim\afxNode.h">
      <Filter>qwadro\sim</Filter>
    </ClInclude>
    <ClInclude Include="..\..\inc\sim\afxSimDefs.h">
      <Filter>qwadro\sim</Filter>
    </ClInclude>
    <ClInclude Include="..\..\src\sim\impl\asxImpl_Animation.h">
      <Filter>qwadro\sim\impl</Filter>
    </ClInclude>
    <ClInclude Include="..\..\src\sim\impl\asxImpl_Context.h">
      <Filter>qwadro\sim\impl</Filter>
    </ClInclude>
    <ClInclude Include="..\..\src\sim\impl\asxImpl_Curve.h">
      <Filter>qwadro\sim\impl</Filter>
    </ClInclude>
    <ClInclude Include="..\..\src\sim\impl\asxImpl_Executor.h">
      <Filter>qwadro\sim\impl</Filter>
    </ClInclude>
    <ClInclude Include="..\..\src\sim\impl\asxImpl_Model.h">
      <Filter>qwadro\sim\impl</Filter>
    </ClInclude>
    <ClInclude Include="..\..\src\sim\impl\asxImplementation.h">
      <Filter>qwadro\sim\impl</Filter>
    </ClInclude>
    <ClInclude Include="..\..\src\sim\impl\asxImpl_Body.h">
      <Filter>qwadro\sim\impl</Filter>
    </ClInclude>
    <ClInclude Include="..\..\src\sim\impl\asxImpl_Simulation.h">
      <Filter>qwadro\sim\impl</Filter>
    </ClInclude>
    <ClInclude Include="..\..\..\qwadro\inc\sim\io\asxBuffer.h">
      <Filter>qwadro\sim\io</Filter>
    </ClInclude>
    <ClInclude Include="..\..\inc\sim\io\afxMesh.h">
      <Filter>qwadro\sim\io</Filter>
    </ClInclude>
    <ClInclude Include="..\..\inc\sim\io\afxModel.h">
      <Filter>qwadro\sim\io</Filter>
    </ClInclude>
    <ClInclude Include="..\..\inc\sim\io\afxTriangulation.h">
      <Filter>qwadro\sim\io</Filter>
    </ClInclude>
    <ClInclude Include="..\..\inc\sim\body\afxBody.h">
      <Filter>qwadro\sim\body</Filter>
    </ClInclude>
    <ClInclude Include="..\..\inc\sim\body\afxPlacement.h">
      <Filter>qwadro\sim\body</Filter>
    </ClInclude>
    <ClInclude Include="..\..\inc\sim\body\afxPose.h">
      <Filter>qwadro\sim\body</Filter>
    </ClInclude>
    <ClInclude Include="..\..\inc\sim\op\afxMiscOps.h">
      <Filter>qwadro\sim\op</Filter>
    </ClInclude>
    <ClInclude Include="..\..\inc\sim\op\afxPoseOps.h">
      <Filter>qwadro\sim\op</Filter>
    </ClInclude>
    <ClInclude Include="..\..\inc\sim\op\afxSampleContext.h">
      <Filter>qwadro\sim\op</Filter>
    </ClInclude>
    <ClInclude Include="..\..\inc\sim\io\afxMeshBlueprint.h">
      <Filter>qwadro\sim\io</Filter>
    </ClInclude>
    <ClInclude Include="..\..\inc\sim\afxCapstan.h">
      <Filter>qwadro\cine</Filter>
    </ClInclude>
    <ClInclude Include="..\..\inc\sim\io\afxAnimation.h">
      <Filter>qwadro\cine</Filter>
    </ClInclude>
    <ClInclude Include="..\..\..\qwadro\inc\sim\io\afxCurve.h">
      <Filter>qwadro\cine</Filter>
    </ClInclude>
    <ClInclude Include="..\..\inc\sim\io\afxMotion.h">
      <Filter>qwadro\cine</Filter>
    </ClInclude>
    <ClInclude Include="..\..\inc\sim\io\afxScene.h">
      <Filter>qwadro\scene</Filter>
    </ClInclude>
    <ClInclude Include="..\..\inc\sim\akxRenderer.h">
      <Filter>qwadro\scene</Filter>
    </ClInclude>
    <ClInclude Include="..\..\inc\sim\akxLighting.h">
      <Filter>qwadro\scene</Filter>
    </ClInclude>
    <ClInclude Include="..\..\inc\sim\body\afxCollision.h">
      <Filter>qwadro\sim\body</Filter>
    </ClInclude>
    <ClInclude Include="..\..\inc\sim\body\afxMaterial.h">
      <Filter>qwadro\sim\body</Filter>
    </ClInclude>
  </ItemGroup>
  <ItemGroup>
    <ResourceCompile Include="e2synerg.rc">
      <Filter>_dll</Filter>
    </ResourceCompile>
  </ItemGroup>
  <ItemGroup>
    <ClCompile Include="..\..\src\sim\afxSimBridge.c">
      <Filter>qwadro\sim</Filter>
    </ClCompile>
    <ClCompile Include="..\..\src\sim\afxEngine.c">
      <Filter>qwadro\sim</Filter>
    </ClCompile>
    <ClCompile Include="..\..\src\sim\afxNode.c">
      <Filter>qwadro\sim</Filter>
    </ClCompile>
    <ClCompile Include="..\..\src\sim\afxSimQueue.c">
      <Filter>qwadro\sim</Filter>
    </ClCompile>
    <ClCompile Include="..\..\src\sim\afxSimulation.c">
      <Filter>qwadro\sim</Filter>
    </ClCompile>
    <ClCompile Include="..\..\src\sim\afxTerrain.c">
      <Filter>qwadro\sim</Filter>
    </ClCompile>
    <ClCompile Include="..\..\src\sim\impl\asxImplementation.c">
      <Filter>qwadro\sim\impl</Filter>
    </ClCompile>
    <ClCompile Include="..\..\src\sim\impl\asxImpl_Context.c">
      <Filter>qwadro\sim\impl</Filter>
    </ClCompile>
    <ClCompile Include="..\..\src\sim\impl\asxImpl_Executor.c">
      <Filter>qwadro\sim\impl</Filter>
    </ClCompile>
    <ClCompile Include="..\..\src\sim\io\afxMesh.c">
      <Filter>qwadro\sim\io</Filter>
    </ClCompile>
    <ClCompile Include="..\..\src\sim\io\afxModel.c">
      <Filter>qwadro\sim\io</Filter>
    </ClCompile>
    <ClCompile Include="..\..\src\sim\io\afxModelIo.c">
      <Filter>qwadro\sim\io</Filter>
    </ClCompile>
    <ClCompile Include="..\..\src\sim\io\afxTriangulation.c">
      <Filter>qwadro\sim\io</Filter>
    </ClCompile>
    <ClCompile Include="..\..\src\sim\io\asxBuffer.c">
      <Filter>qwadro\sim\io</Filter>
    </ClCompile>
    <ClCompile Include="..\..\src\sim\body\afxBody.c">
      <Filter>qwadro\sim\body</Filter>
    </ClCompile>
    <ClCompile Include="..\..\src\sim\body\afxCollision.c">
      <Filter>qwadro\sim\body</Filter>
    </ClCompile>
    <ClCompile Include="..\..\src\sim\body\afxMaterial.c">
      <Filter>qwadro\sim\body</Filter>
    </ClCompile>
    <ClCompile Include="..\..\src\sim\body\afxPlacement.c">
      <Filter>qwadro\sim\body</Filter>
    </ClCompile>
    <ClCompile Include="..\..\src\sim\body\afxPose.c">
      <Filter>qwadro\sim\body</Filter>
    </ClCompile>
    <ClCompile Include="..\..\src\sim\body\afxXmd.c">
      <Filter>qwadro\sim\body</Filter>
    </ClCompile>
    <ClCompile Include="..\..\src\sim\afxSampleContext.c">
      <Filter>qwadro\sim\op</Filter>
    </ClCompile>
    <ClCompile Include="..\..\src\sim\op\afxMeshBufferization.c">
      <Filter>qwadro\sim\op</Filter>
    </ClCompile>
    <ClCompile Include="..\..\src\sim\op\afxMiscOps.c">
      <Filter>qwadro\sim\op</Filter>
    </ClCompile>
    <ClCompile Include="..\..\src\sim\op\afxPoseOps.c">
      <Filter>qwadro\sim\op</Filter>
    </ClCompile>
    <ClCompile Include="..\..\src\sim\io\afxMeshBlueprint.c">
      <Filter>qwadro\sim\io</Filter>
    </ClCompile>
    <ClCompile Include="..\..\src\sim\afxCapstan.c">
      <Filter>qwadro\cine</Filter>
    </ClCompile>
    <ClCompile Include="..\..\src\sim\asxInstancedAnimation.c">
      <Filter>qwadro\cine</Filter>
    </ClCompile>
    <ClCompile Include="..\..\src\sim\asxMotive.c">
      <Filter>qwadro\cine</Filter>
    </ClCompile>
    <ClCompile Include="..\..\src\sim\io\afxAnimationIo.c">
      <Filter>qwadro\cine</Filter>
    </ClCompile>
    <ClCompile Include="..\..\src\sim\io\afxAnimation.c">
      <Filter>qwadro\cine</Filter>
    </ClCompile>
    <ClCompile Include="..\..\src\sim\io\afxCurve.c">
      <Filter>qwadro\cine</Filter>
    </ClCompile>
    <ClCompile Include="..\..\src\sim\io\afxMotion.c">
      <Filter>qwadro\cine</Filter>
    </ClCompile>
    <ClCompile Include="..\..\src\sim\io\afxScene.c">
      <Filter>qwadro\scene</Filter>
    </ClCompile>
    <ClCompile Include="..\..\src\sim\akxLighting.c">
      <Filter>qwadro\scene</Filter>
    </ClCompile>
    <ClCompile Include="..\..\src\sim\akxRenderer.c">
      <Filter>qwadro\scene</Filter>
    </ClCompile>
  </ItemGroup>
</Project>