<?xml version="1.0" encoding="utf-8"?>
<Project ToolsVersion="4.0" xmlns="http://schemas.microsoft.com/developer/msbuild/2003">
  <ItemGroup>
    <Filter Include="qwadro">
      <UniqueIdentifier>{4d19cb36-9f4e-4675-8e08-3d860b246f15}</UniqueIdentifier>
    </Filter>
    <Filter Include="_dll">
      <UniqueIdentifier>{fe663df2-10e0-4928-bb9a-fa629e25f8fb}</UniqueIdentifier>
    </Filter>
    <Filter Include="qwadro\render">
      <UniqueIdentifier>{da0ed406-7078-4bb4-8205-cddaa3f38e9f}</UniqueIdentifier>
    </Filter>
    <Filter Include="qwadro\render\ddi">
      <UniqueIdentifier>{4b2fc855-704b-44e7-9770-55509d62a6d4}</UniqueIdentifier>
    </Filter>
    <Filter Include="qwadro\sim">
      <UniqueIdentifier>{2f407ed3-dab5-4277-8ec5-33e7c7e1b64f}</UniqueIdentifier>
    </Filter>
    <Filter Include="qwadro\sim\ddi">
      <UniqueIdentifier>{c8f4cd25-0377-4432-9a36-8e1833d41109}</UniqueIdentifier>
    </Filter>
    <Filter Include="qwadro\anim">
      <UniqueIdentifier>{dbc82b12-6d70-478e-a9e0-ca1d75269399}</UniqueIdentifier>
    </Filter>
  </ItemGroup>
  <ItemGroup>
    <ClInclude Include="resource.h">
      <Filter>_dll</Filter>
    </ClInclude>
    <ClInclude Include="..\..\inc\sim\afxSimBridge.h">
      <Filter>qwadro\sim</Filter>
    </ClInclude>
    <ClInclude Include="..\..\inc\sim\afxEngine.h">
      <Filter>qwadro\sim</Filter>
    </ClInclude>
    <ClInclude Include="..\..\inc\sim\afxSimulation.h">
      <Filter>qwadro\sim</Filter>
    </ClInclude>
    <ClInclude Include="..\..\inc\sim\afxSimDefs.h">
      <Filter>qwadro\sim</Filter>
    </ClInclude>
    <ClInclude Include="..\..\src\sim\impl\asxImpl_Context.h">
      <Filter>qwadro\sim\ddi</Filter>
    </ClInclude>
    <ClInclude Include="..\..\src\sim\impl\asxImpl_Executor.h">
      <Filter>qwadro\sim\ddi</Filter>
    </ClInclude>
    <ClInclude Include="..\..\src\sim\impl\asxImplementation.h">
      <Filter>qwadro\sim\ddi</Filter>
    </ClInclude>
    <ClInclude Include="..\..\src\sim\impl\asxImpl_Simulation.h">
      <Filter>qwadro\sim\ddi</Filter>
    </ClInclude>
    <ClInclude Include="..\..\src\sim\impl\asxImpl_Memory.h">
      <Filter>qwadro\sim\ddi</Filter>
    </ClInclude>
    <ClInclude Include="..\..\inc\render\arxTechnique.h">
      <Filter>qwadro\render</Filter>
    </ClInclude>
    <ClInclude Include="..\..\inc\render\arxScene.h">
      <Filter>qwadro\render</Filter>
    </ClInclude>
    <ClInclude Include="..\..\inc\render\afxVertexStream.h">
      <Filter>qwadro\render</Filter>
    </ClInclude>
    <ClInclude Include="..\..\inc\render\akxLighting.h">
      <Filter>qwadro\render</Filter>
    </ClInclude>
    <ClInclude Include="..\..\inc\render\akxRenderer.h">
      <Filter>qwadro\render</Filter>
    </ClInclude>
    <ClInclude Include="..\..\inc\render\arxRenderable.h">
      <Filter>qwadro\render</Filter>
    </ClInclude>
    <ClInclude Include="..\..\inc\render\arxRenderableBody.h">
      <Filter>qwadro\render</Filter>
    </ClInclude>
    <ClInclude Include="..\..\inc\render\arxRenderableModel.h">
      <Filter>qwadro\render</Filter>
    </ClInclude>
    <ClInclude Include="..\..\inc\render\arxRenderableTerrain.h">
      <Filter>qwadro\render</Filter>
    </ClInclude>
    <ClInclude Include="..\..\inc\render\arxRenderContext.h">
      <Filter>qwadro\render</Filter>
    </ClInclude>
    <ClInclude Include="..\..\inc\render\arxCamera.h">
      <Filter>qwadro\render</Filter>
    </ClInclude>
    <ClInclude Include="..\..\src\render\ddi\arxImpl_Input.h">
      <Filter>qwadro\render\ddi</Filter>
    </ClInclude>
    <ClInclude Include="..\..\src\render\ddi\arxImpl_Model.h">
      <Filter>qwadro\render\ddi</Filter>
    </ClInclude>
    <ClInclude Include="..\..\inc\render\anim\arxAnimation.h">
      <Filter>qwadro\anim</Filter>
    </ClInclude>
    <ClInclude Include="..\..\inc\render\anim\arxCapstan.h">
      <Filter>qwadro\anim</Filter>
    </ClInclude>
    <ClInclude Include="..\..\inc\render\anim\arxCurve.h">
      <Filter>qwadro\anim</Filter>
    </ClInclude>
    <ClInclude Include="..\..\inc\render\anim\arxMotion.h">
      <Filter>qwadro\anim</Filter>
    </ClInclude>
    <ClInclude Include="..\..\src\render\ddi\arxImpl_Curve.h">
      <Filter>qwadro\render\ddi</Filter>
    </ClInclude>
    <ClInclude Include="..\..\src\render\ddi\arxImpl_Body.h">
      <Filter>qwadro\render\ddi</Filter>
    </ClInclude>
    <ClInclude Include="..\..\src\render\ddi\arxImpl_Animation.h">
      <Filter>qwadro\render\ddi</Filter>
    </ClInclude>
    <ClInclude Include="..\..\inc\render\anim\arxBody.h">
      <Filter>qwadro\anim</Filter>
    </ClInclude>
    <ClInclude Include="..\..\inc\render\arxRenderware.h">
      <Filter>qwadro\render</Filter>
    </ClInclude>
    <ClInclude Include="..\..\inc\render\arxMeshBlueprint.h">
      <Filter>qwadro\render</Filter>
    </ClInclude>
    <ClInclude Include="..\..\inc\render\arxModel.h">
      <Filter>qwadro\render</Filter>
    </ClInclude>
    <ClInclude Include="..\..\inc\render\arxPlacement.h">
      <Filter>qwadro\render</Filter>
    </ClInclude>
    <ClInclude Include="..\..\inc\render\arxPose.h">
      <Filter>qwadro\render</Filter>
    </ClInclude>
    <ClInclude Include="..\..\inc\render\arxTerrain.h">
      <Filter>qwadro\render</Filter>
    </ClInclude>
    <ClInclude Include="..\..\inc\render\arxTriangulation.h">
      <Filter>qwadro\render</Filter>
    </ClInclude>
    <ClInclude Include="..\..\inc\render\arxGeome.h">
      <Filter>qwadro\render</Filter>
    </ClInclude>
    <ClInclude Include="..\..\inc\render\arxMaterial.h">
      <Filter>qwadro\render</Filter>
    </ClInclude>
    <ClInclude Include="..\..\inc\render\arxMesh.h">
      <Filter>qwadro\render</Filter>
    </ClInclude>
    <ClInclude Include="..\..\inc\sim\afxCollision.h">
      <Filter>qwadro\sim</Filter>
    </ClInclude>
    <ClInclude Include="..\..\inc\sim\asxBuffer.h">
      <Filter>qwadro\sim</Filter>
    </ClInclude>
    <ClInclude Include="..\..\inc\sim\afxPoseOps.h">
      <Filter>qwadro\sim</Filter>
    </ClInclude>
    <ClInclude Include="..\..\inc\sim\afxSampleContext.h">
      <Filter>qwadro\sim</Filter>
    </ClInclude>
    <ClInclude Include="..\..\inc\sim\afxMiscOps.h">
      <Filter>qwadro\sim</Filter>
    </ClInclude>
    <ClInclude Include="..\..\inc\sim\arxCapstan.h">
      <Filter>qwadro\sim</Filter>
    </ClInclude>
    <ClInclude Include="..\..\inc\sim\arxCurve.h">
      <Filter>qwadro\sim</Filter>
    </ClInclude>
    <ClInclude Include="..\..\inc\sim\arxMotion.h">
      <Filter>qwadro\sim</Filter>
    </ClInclude>
    <ClInclude Include="..\..\inc\sim\arxAnimation.h">
      <Filter>qwadro\sim</Filter>
    </ClInclude>
    <ClInclude Include="..\..\inc\sim\arxBody.h">
      <Filter>qwadro\sim</Filter>
    </ClInclude>
  </ItemGroup>
  <ItemGroup>
    <ResourceCompile Include="e2synerg.rc">
      <Filter>_dll</Filter>
    </ResourceCompile>
  </ItemGroup>
  <ItemGroup>
    <ClCompile Include="..\..\src\sim\afxSimBridge.c">
      <Filter>qwadro\sim</Filter>
    </ClCompile>
    <ClCompile Include="..\..\src\sim\afxEngine.c">
      <Filter>qwadro\sim</Filter>
    </ClCompile>
    <ClCompile Include="..\..\src\sim\afxSimQueue.c">
      <Filter>qwadro\sim</Filter>
    </ClCompile>
    <ClCompile Include="..\..\src\sim\afxSimulation.c">
      <Filter>qwadro\sim</Filter>
    </ClCompile>
    <ClCompile Include="..\..\src\sim\impl\asxImplementation.c">
      <Filter>qwadro\sim\ddi</Filter>
    </ClCompile>
    <ClCompile Include="..\..\src\sim\impl\asxImpl_Context.c">
      <Filter>qwadro\sim\ddi</Filter>
    </ClCompile>
    <ClCompile Include="..\..\src\sim\impl\asxImpl_Executor.c">
      <Filter>qwadro\sim\ddi</Filter>
    </ClCompile>
    <ClCompile Include="..\..\src\sim\impl\asxImpl_Memory.c">
      <Filter>qwadro\sim\ddi</Filter>
    </ClCompile>
    <ClCompile Include="..\..\src\render\arxTechnique.c">
      <Filter>qwadro\render</Filter>
    </ClCompile>
    <ClCompile Include="..\..\src\render\arxScene.c">
      <Filter>qwadro\render</Filter>
    </ClCompile>
    <ClCompile Include="..\..\src\render\afxVertexStream.c">
      <Filter>qwadro\render</Filter>
    </ClCompile>
    <ClCompile Include="..\..\src\render\akxLighting.c">
      <Filter>qwadro\render</Filter>
    </ClCompile>
    <ClCompile Include="..\..\src\render\akxRenderer.c">
      <Filter>qwadro\render</Filter>
    </ClCompile>
    <ClCompile Include="..\..\src\render\arxRenderable.c">
      <Filter>qwadro\render</Filter>
    </ClCompile>
    <ClCompile Include="..\..\src\render\arxRenderableBody.c">
      <Filter>qwadro\render</Filter>
    </ClCompile>
    <ClCompile Include="..\..\src\render\arxRenderableModel.c">
      <Filter>qwadro\render</Filter>
    </ClCompile>
    <ClCompile Include="..\..\src\render\arxRenderableTerrain.c">
      <Filter>qwadro\render</Filter>
    </ClCompile>
    <ClCompile Include="..\..\src\render\arxRenderContext.c">
      <Filter>qwadro\render</Filter>
    </ClCompile>
    <ClCompile Include="..\..\src\render\arxCamera.c">
      <Filter>qwadro\render</Filter>
    </ClCompile>
    <ClCompile Include="..\..\src\render\anim\arxAnimation.c">
      <Filter>qwadro\anim</Filter>
    </ClCompile>
    <ClCompile Include="..\..\src\render\anim\arxAnimationIo.c">
      <Filter>qwadro\anim</Filter>
    </ClCompile>
    <ClCompile Include="..\..\src\render\anim\arxCapstan.c">
      <Filter>qwadro\anim</Filter>
    </ClCompile>
    <ClCompile Include="..\..\src\render\anim\arxCurve.c">
      <Filter>qwadro\anim</Filter>
    </ClCompile>
    <ClCompile Include="..\..\src\render\anim\arxMotion.c">
      <Filter>qwadro\anim</Filter>
    </ClCompile>
    <ClCompile Include="..\..\src\render\anim\arxMotive.c">
      <Filter>qwadro\anim</Filter>
    </ClCompile>
    <ClCompile Include="..\..\src\render\anim\arxInstancedAnimation.c">
      <Filter>qwadro\anim</Filter>
    </ClCompile>
    <ClCompile Include="..\..\src\render\anim\arxBody.c">
      <Filter>qwadro\anim</Filter>
    </ClCompile>
    <ClCompile Include="..\..\src\render\arxRenderware.c">
      <Filter>qwadro\render</Filter>
    </ClCompile>
    <ClCompile Include="..\..\src\render\arxModel.c">
      <Filter>qwadro\render</Filter>
    </ClCompile>
    <ClCompile Include="..\..\src\render\arxModelIo.c">
      <Filter>qwadro\render</Filter>
    </ClCompile>
    <ClCompile Include="..\..\src\render\arxPlacement.c">
      <Filter>qwadro\render</Filter>
    </ClCompile>
    <ClCompile Include="..\..\src\render\arxPose.c">
      <Filter>qwadro\render</Filter>
    </ClCompile>
    <ClCompile Include="..\..\src\render\arxTerrain.c">
      <Filter>qwadro\render</Filter>
    </ClCompile>
    <ClCompile Include="..\..\src\render\arxTriangulation.c">
      <Filter>qwadro\render</Filter>
    </ClCompile>
    <ClCompile Include="..\..\src\render\arxGeome.c">
      <Filter>qwadro\render</Filter>
    </ClCompile>
    <ClCompile Include="..\..\src\render\arxMaterial.c">
      <Filter>qwadro\render</Filter>
    </ClCompile>
    <ClCompile Include="..\..\src\render\arxMesh.c">
      <Filter>qwadro\render</Filter>
    </ClCompile>
    <ClCompile Include="..\..\src\render\arxMeshBlueprint.c">
      <Filter>qwadro\render</Filter>
    </ClCompile>
    <ClCompile Include="..\..\src\sim\afxCollision.c">
      <Filter>qwadro\sim</Filter>
    </ClCompile>
    <ClCompile Include="..\..\src\sim\afxXmd.c">
      <Filter>qwadro\sim</Filter>
    </ClCompile>
    <ClCompile Include="..\..\src\sim\asxBuffer.c">
      <Filter>qwadro\sim</Filter>
    </ClCompile>
    <ClCompile Include="..\..\src\sim\afxMiscOps.c">
      <Filter>qwadro\sim</Filter>
    </ClCompile>
    <ClCompile Include="..\..\src\sim\afxPoseOps.c">
      <Filter>qwadro\sim</Filter>
    </ClCompile>
    <ClCompile Include="..\..\src\sim\arxAnimationIo.c">
      <Filter>qwadro\sim</Filter>
    </ClCompile>
    <ClCompile Include="..\..\src\sim\arxBody.c">
      <Filter>qwadro\sim</Filter>
    </ClCompile>
    <ClCompile Include="..\..\src\sim\arxCapstan.c">
      <Filter>qwadro\sim</Filter>
    </ClCompile>
    <ClCompile Include="..\..\src\sim\arxCurve.c">
      <Filter>qwadro\sim</Filter>
    </ClCompile>
    <ClCompile Include="..\..\src\sim\arxInstancedAnimation.c">
      <Filter>qwadro\sim</Filter>
    </ClCompile>
    <ClCompile Include="..\..\src\sim\arxMotion.c">
      <Filter>qwadro\sim</Filter>
    </ClCompile>
    <ClCompile Include="..\..\src\sim\arxMotive.c">
      <Filter>qwadro\sim</Filter>
    </ClCompile>
    <ClCompile Include="..\..\src\sim\arxAnimation.c">
      <Filter>qwadro\sim</Filter>
    </ClCompile>
  </ItemGroup>
</Project>