<?xml version="1.0" encoding="utf-8"?>
<Project ToolsVersion="4.0" xmlns="http://schemas.microsoft.com/developer/msbuild/2003">
  <ItemGroup>
    <Filter Include="cadio">
      <UniqueIdentifier>{906ac8f7-d7cb-4be7-9f57-980887f3d131}</UniqueIdentifier>
    </Filter>
    <Filter Include="cadio\deps">
      <UniqueIdentifier>{204895f3-7736-41b9-8449-2577c6228204}</UniqueIdentifier>
    </Filter>
    <Filter Include="cadio\deps\obj">
      <UniqueIdentifier>{7682bf83-991b-4682-9864-65ddf4762f2c}</UniqueIdentifier>
    </Filter>
  </ItemGroup>
  <ItemGroup>
    <ClCompile Include="..\..\src\cadio\afxWavefrontObject.c">
      <Filter>cadio</Filter>
    </ClCompile>
    <ClCompile Include="..\..\..\dep_\glus\glus_wavefront.c">
      <Filter>cadio\deps\obj</Filter>
    </ClCompile>
    <ClCompile Include="..\..\..\dep_\glus\glus_complex.c">
      <Filter>cadio\deps\obj</Filter>
    </ClCompile>
    <ClCompile Include="..\..\..\dep_\glus\glus_line.c">
      <Filter>cadio\deps\obj</Filter>
    </ClCompile>
    <ClCompile Include="..\..\..\dep_\glus\glus_math.c">
      <Filter>cadio\deps\obj</Filter>
    </ClCompile>
    <ClCompile Include="..\..\..\dep_\glus\glus_matrix.c">
      <Filter>cadio\deps\obj</Filter>
    </ClCompile>
    <ClCompile Include="..\..\..\dep_\glus\glus_point.c">
      <Filter>cadio\deps\obj</Filter>
    </ClCompile>
    <ClCompile Include="..\..\..\dep_\glus\glus_quaternion.c">
      <Filter>cadio\deps\obj</Filter>
    </ClCompile>
    <ClCompile Include="..\..\..\dep_\glus\glus_shape.c">
      <Filter>cadio\deps\obj</Filter>
    </ClCompile>
    <ClCompile Include="..\..\..\dep_\glus\glus_vector.c">
      <Filter>cadio\deps\obj</Filter>
    </ClCompile>
  </ItemGroup>
  <ItemGroup>
    <ClInclude Include="..\..\src\cadio\afxWavefrontObject.h">
      <Filter>cadio</Filter>
    </ClInclude>
  </ItemGroup>
</Project>