<?xml version="1.0" encoding="utf-8"?>
<Project ToolsVersion="4.0" xmlns="http://schemas.microsoft.com/developer/msbuild/2003">
  <ItemGroup>
    <Filter Include="qwadro">
      <UniqueIdentifier>{48bb229e-5a12-4bc7-90ba-2054655dfe4e}</UniqueIdentifier>
    </Filter>
    <Filter Include="qwadro\math">
      <UniqueIdentifier>{bfb78e21-6007-4902-94b2-e2c3057ff7e1}</UniqueIdentifier>
    </Filter>
    <Filter Include="qwadro\game">
      <UniqueIdentifier>{3bb2f21a-c55f-477f-af22-266217b15f5e}</UniqueIdentifier>
    </Filter>
    <Filter Include="qwadro\io">
      <UniqueIdentifier>{a28a9c88-0824-4eff-a448-c2f3e0dd9bf0}</UniqueIdentifier>
    </Filter>
    <Filter Include="qwadro\mem">
      <UniqueIdentifier>{b64972ca-8a8c-4c1c-aab2-0059ec9c49a0}</UniqueIdentifier>
    </Filter>
    <Filter Include="_dll">
      <UniqueIdentifier>{ee902471-68b0-4120-8ab6-db72fcab549e}</UniqueIdentifier>
    </Filter>
    <Filter Include="qwadro\base">
      <UniqueIdentifier>{629751d2-24e3-44d0-a657-fa62690906f8}</UniqueIdentifier>
    </Filter>
    <Filter Include="qwadro\dev">
      <UniqueIdentifier>{adcc620f-ecca-4935-b10a-6c6dfd3a4713}</UniqueIdentifier>
    </Filter>
    <Filter Include="qwadro\exec">
      <UniqueIdentifier>{7b85f528-4cd5-4ea7-abf9-5de2266aa6de}</UniqueIdentifier>
    </Filter>
    <Filter Include="qwadro\dep">
      <UniqueIdentifier>{521e8835-a2c8-4a72-b816-46e5c94c204e}</UniqueIdentifier>
    </Filter>
    <Filter Include="qwadro\xss">
      <UniqueIdentifier>{ced2dcc7-b22c-4b40-b252-d72ca2f6b743}</UniqueIdentifier>
    </Filter>
  </ItemGroup>
  <ItemGroup>
    <ClInclude Include="..\..\inc\afxQwadro.h">
      <Filter>qwadro</Filter>
    </ClInclude>
    <ClInclude Include="..\..\inc\math\afxMathDefs.h">
      <Filter>qwadro\math</Filter>
    </ClInclude>
    <ClInclude Include="..\..\inc\math\afxVector.h">
      <Filter>qwadro\math</Filter>
    </ClInclude>
    <ClInclude Include="..\..\inc\math\afxTransform.h">
      <Filter>qwadro\math</Filter>
    </ClInclude>
    <ClInclude Include="..\..\inc\math\afxFrustum.h">
      <Filter>qwadro\math</Filter>
    </ClInclude>
    <ClInclude Include="..\..\inc\math\afxPlane.h">
      <Filter>qwadro\math</Filter>
    </ClInclude>
    <ClInclude Include="..\..\inc\math\afxSphere.h">
      <Filter>qwadro\math</Filter>
    </ClInclude>
    <ClInclude Include="..\..\inc\math\afxVolume.h">
      <Filter>qwadro\math</Filter>
    </ClInclude>
    <ClInclude Include="..\..\inc\math\afxQuaternion.h">
      <Filter>qwadro\math</Filter>
    </ClInclude>
    <ClInclude Include="..\..\inc\math\afxMatrix.h">
      <Filter>qwadro\math</Filter>
    </ClInclude>
    <ClInclude Include="..\..\inc\math\afxTrigonometry.h">
      <Filter>qwadro\math</Filter>
    </ClInclude>
    <ClInclude Include="..\..\inc\math\afxVertex.h">
      <Filter>qwadro\math</Filter>
    </ClInclude>
    <ClInclude Include="..\..\inc\math\afxRotor.h">
      <Filter>qwadro\math</Filter>
    </ClInclude>
    <ClInclude Include="..\..\inc\game\agxGameDefs.h">
      <Filter>qwadro\game</Filter>
    </ClInclude>
    <ClInclude Include="..\..\inc\game\agxGameObject.h">
      <Filter>qwadro\game</Filter>
    </ClInclude>
    <ClInclude Include="..\..\inc\game\agxGameData.h">
      <Filter>qwadro\game</Filter>
    </ClInclude>
    <ClInclude Include="..\..\inc\io\afxSource.h">
      <Filter>qwadro\io</Filter>
    </ClInclude>
    <ClInclude Include="..\..\inc\io\afxStream.h">
      <Filter>qwadro\io</Filter>
    </ClInclude>
    <ClInclude Include="..\..\inc\io\afxUrd.h">
      <Filter>qwadro\io</Filter>
    </ClInclude>
    <ClInclude Include="..\..\inc\io\afxUri.h">
      <Filter>qwadro\io</Filter>
    </ClInclude>
    <ClInclude Include="..\..\inc\io\afxXml.h">
      <Filter>qwadro\io</Filter>
    </ClInclude>
    <ClInclude Include="..\..\inc\io\afxResource.h">
      <Filter>qwadro\io</Filter>
    </ClInclude>
    <ClInclude Include="..\..\inc\io\afxArchive.h">
      <Filter>qwadro\io</Filter>
    </ClInclude>
    <ClInclude Include="..\..\inc\io\afxFile.h">
      <Filter>qwadro\io</Filter>
    </ClInclude>
    <ClInclude Include="..\..\inc\mem\afxPool.h">
      <Filter>qwadro\mem</Filter>
    </ClInclude>
    <ClInclude Include="..\..\inc\mem\afxQueue.h">
      <Filter>qwadro\mem</Filter>
    </ClInclude>
    <ClInclude Include="..\..\inc\mem\afxSlabAllocator.h">
      <Filter>qwadro\mem</Filter>
    </ClInclude>
    <ClInclude Include="..\..\inc\mem\afxStack.h">
      <Filter>qwadro\mem</Filter>
    </ClInclude>
    <ClInclude Include="..\..\inc\mem\afxArena.h">
      <Filter>qwadro\mem</Filter>
    </ClInclude>
    <ClInclude Include="..\..\inc\mem\afxArray.h">
      <Filter>qwadro\mem</Filter>
    </ClInclude>
    <ClInclude Include="..\..\inc\io\afxData.h">
      <Filter>qwadro\io</Filter>
    </ClInclude>
    <ClInclude Include="resource.h">
      <Filter>_dll</Filter>
    </ClInclude>
    <ClInclude Include="..\..\inc\mem\afxResidency.h">
      <Filter>qwadro\mem</Filter>
    </ClInclude>
    <ClInclude Include="..\..\inc\math\afxSimd.h">
      <Filter>qwadro\math</Filter>
    </ClInclude>
    <ClInclude Include="..\..\inc\mem\afxMappedString.h">
      <Filter>qwadro\mem</Filter>
    </ClInclude>
    <ClInclude Include="..\..\inc\io\afxStorage.h">
      <Filter>qwadro\io</Filter>
    </ClInclude>
    <ClInclude Include="..\..\inc\math\afxBox.h">
      <Filter>qwadro\math</Filter>
    </ClInclude>
    <ClInclude Include="..\..\inc\base\afxDebug.h">
      <Filter>qwadro\base</Filter>
    </ClInclude>
    <ClInclude Include="..\..\inc\base\afxEvent.h">
      <Filter>qwadro\base</Filter>
    </ClInclude>
    <ClInclude Include="..\..\inc\base\afxFcc.h">
      <Filter>qwadro\base</Filter>
    </ClInclude>
    <ClInclude Include="..\..\inc\base\afxFixedString.h">
      <Filter>qwadro\base</Filter>
    </ClInclude>
    <ClInclude Include="..\..\inc\base\afxIterator.h">
      <Filter>qwadro\base</Filter>
    </ClInclude>
    <ClInclude Include="..\..\inc\base\afxManifest.h">
      <Filter>qwadro\base</Filter>
    </ClInclude>
    <ClInclude Include="..\..\inc\base\afxObject.h">
      <Filter>qwadro\base</Filter>
    </ClInclude>
    <ClInclude Include="..\..\inc\base\afxPlatformDefs.h">
      <Filter>qwadro\base</Filter>
    </ClInclude>
    <ClInclude Include="..\..\inc\base\afxRawString.h">
      <Filter>qwadro\base</Filter>
    </ClInclude>
    <ClInclude Include="..\..\inc\base\afxString.h">
      <Filter>qwadro\base</Filter>
    </ClInclude>
    <ClInclude Include="..\..\inc\base\afxVersion.h">
      <Filter>qwadro\base</Filter>
    </ClInclude>
    <ClInclude Include="..\..\inc\base\afxChain.h">
      <Filter>qwadro\base</Filter>
    </ClInclude>
    <ClInclude Include="..\..\inc\base\afxClass.h">
      <Filter>qwadro\base</Filter>
    </ClInclude>
    <ClInclude Include="..\..\inc\base\afxCoreDefs.h">
      <Filter>qwadro\base</Filter>
    </ClInclude>
    <ClInclude Include="..\..\inc\io\afxDatabase.h">
      <Filter>qwadro\io</Filter>
    </ClInclude>
    <ClInclude Include="..\..\inc\exec\afxSystem.h">
      <Filter>qwadro\exec</Filter>
    </ClInclude>
    <ClInclude Include="..\..\inc\exec\afxThread.h">
      <Filter>qwadro\exec</Filter>
    </ClInclude>
    <ClInclude Include="..\..\inc\exec\afxTime.h">
      <Filter>qwadro\exec</Filter>
    </ClInclude>
    <ClInclude Include="..\..\inc\exec\afxAtomic.h">
      <Filter>qwadro\exec</Filter>
    </ClInclude>
    <ClInclude Include="..\..\inc\exec\afxClock.h">
      <Filter>qwadro\exec</Filter>
    </ClInclude>
    <ClInclude Include="..\..\inc\exec\afxCondition.h">
      <Filter>qwadro\exec</Filter>
    </ClInclude>
    <ClInclude Include="..\..\inc\exec\afxDevice.h">
      <Filter>qwadro\exec</Filter>
    </ClInclude>
    <ClInclude Include="..\..\inc\exec\afxFence.h">
      <Filter>qwadro\exec</Filter>
    </ClInclude>
    <ClInclude Include="..\..\inc\exec\afxModule.h">
      <Filter>qwadro\exec</Filter>
    </ClInclude>
    <ClInclude Include="..\..\inc\exec\afxMutex.h">
      <Filter>qwadro\exec</Filter>
    </ClInclude>
    <ClInclude Include="..\..\inc\exec\afxSemaphore.h">
      <Filter>qwadro\exec</Filter>
    </ClInclude>
    <ClInclude Include="..\..\inc\exec\afxService.h">
      <Filter>qwadro\exec</Filter>
    </ClInclude>
    <ClInclude Include="..\..\inc\exec\afxSlock.h">
      <Filter>qwadro\exec</Filter>
    </ClInclude>
    <ClInclude Include="..\..\inc\mem\afxInterlockedQueue.h">
      <Filter>qwadro\mem</Filter>
    </ClInclude>
    <ClInclude Include="..\..\inc\math\afxWhd.h">
      <Filter>qwadro\math</Filter>
    </ClInclude>
    <ClInclude Include="..\..\inc\math\afxRay.h">
      <Filter>qwadro\math</Filter>
    </ClInclude>
    <ClInclude Include="..\..\inc\math\afxScalar.h">
      <Filter>qwadro\math</Filter>
    </ClInclude>
    <ClInclude Include="..\..\inc\exec\afxConsole.h">
      <Filter>qwadro\exec</Filter>
    </ClInclude>
    <ClInclude Include="..\..\inc\mem\afxMemory.h">
      <Filter>qwadro\mem</Filter>
    </ClInclude>
    <ClInclude Include="..\..\inc\xss\xss.h">
      <Filter>qwadro\xss</Filter>
    </ClInclude>
    <ClInclude Include="..\..\afx\xss\xssCore.h">
      <Filter>qwadro\xss</Filter>
    </ClInclude>
    <ClInclude Include="..\..\afx\xss\xssDebug.h">
      <Filter>qwadro\xss</Filter>
    </ClInclude>
    <ClInclude Include="..\..\afx\xss\xssMath.h">
      <Filter>qwadro\xss</Filter>
    </ClInclude>
    <ClInclude Include="..\..\afx\xss\xssOpcodes.h">
      <Filter>qwadro\xss</Filter>
    </ClInclude>
    <ClInclude Include="..\..\afx\xss\xssOptMeta.h">
      <Filter>qwadro\xss</Filter>
    </ClInclude>
    <ClInclude Include="..\..\afx\xss\xssOptRandom.h">
      <Filter>qwadro\xss</Filter>
    </ClInclude>
    <ClInclude Include="..\..\afx\xss\xssPrimitive.h">
      <Filter>qwadro\xss</Filter>
    </ClInclude>
    <ClInclude Include="..\..\afx\xss\xssUtils.h">
      <Filter>qwadro\xss</Filter>
    </ClInclude>
    <ClInclude Include="..\..\afx\xss\xssValue.h">
      <Filter>qwadro\xss</Filter>
    </ClInclude>
    <ClInclude Include="..\..\afx\xss\xssVm.h">
      <Filter>qwadro\xss</Filter>
    </ClInclude>
    <ClInclude Include="..\..\afx\xss\xssCommon.h">
      <Filter>qwadro\xss</Filter>
    </ClInclude>
    <ClInclude Include="..\..\afx\xss\xssCompiler.h">
      <Filter>qwadro\xss</Filter>
    </ClInclude>
    <ClInclude Include="..\..\inc\xss\afxScript.h">
      <Filter>qwadro\xss</Filter>
    </ClInclude>
    <ClInclude Include="..\..\afx\dev\afxIoImplKit.h">
      <Filter>qwadro\dev</Filter>
    </ClInclude>
    <ClInclude Include="..\..\afx\dev\afxExecImplKit.h">
      <Filter>qwadro\dev</Filter>
    </ClInclude>
    <ClInclude Include="..\..\inc\io\afxIoBridge.h">
      <Filter>qwadro\io</Filter>
    </ClInclude>
  </ItemGroup>
  <ItemGroup>
    <None Include="..\..\README.md">
      <Filter>qwadro</Filter>
    </None>
    <None Include="..\..\afx\xss\xssOptRandom.xss.inc">
      <Filter>qwadro\xss</Filter>
    </None>
    <None Include="..\..\afx\xss\xssOptRandom.xss">
      <Filter>qwadro\xss</Filter>
    </None>
    <None Include="..\..\afx\xss\xssOptMeta.xss.inc">
      <Filter>qwadro\xss</Filter>
    </None>
    <None Include="..\..\afx\xss\xssOptMeta.xss">
      <Filter>qwadro\xss</Filter>
    </None>
    <None Include="..\..\afx\xss\xssCore.xss.inc">
      <Filter>qwadro\xss</Filter>
    </None>
    <None Include="..\..\afx\xss\xssCore.xss">
      <Filter>qwadro\xss</Filter>
    </None>
  </ItemGroup>
  <ItemGroup>
    <Text Include="..\..\go-horse.txt">
      <Filter>qwadro</Filter>
    </Text>
  </ItemGroup>
  <ItemGroup>
    <ClCompile Include="..\..\afx\afxQwadro.c">
      <Filter>qwadro</Filter>
    </ClCompile>
    <ClCompile Include="..\..\afx\afxQwadroCpp.cpp">
      <Filter>qwadro</Filter>
    </ClCompile>
    <ClCompile Include="..\..\afx\math\afxTransform.c">
      <Filter>qwadro\math</Filter>
    </ClCompile>
    <ClCompile Include="..\..\afx\math\afxMathOps.c">
      <Filter>qwadro\math</Filter>
    </ClCompile>
    <ClCompile Include="..\..\afx\math\afxFrustum.c">
      <Filter>qwadro\math</Filter>
    </ClCompile>
    <ClCompile Include="..\..\afx\math\afxQuaternion.c">
      <Filter>qwadro\math</Filter>
    </ClCompile>
    <ClCompile Include="..\..\afx\math\afxMatrix.c">
      <Filter>qwadro\math</Filter>
    </ClCompile>
    <ClCompile Include="..\..\afx\math\afxVector.c">
      <Filter>qwadro\math</Filter>
    </ClCompile>
    <ClCompile Include="..\..\afx\math\afxPlane.c">
      <Filter>qwadro\math</Filter>
    </ClCompile>
    <ClCompile Include="..\..\afx\math\afxTrigonometry.c">
      <Filter>qwadro\math</Filter>
    </ClCompile>
    <ClCompile Include="..\..\afx\math\afxVertex.c">
      <Filter>qwadro\math</Filter>
    </ClCompile>
    <ClCompile Include="..\..\afx\math\afxRotor.c">
      <Filter>qwadro\math</Filter>
    </ClCompile>
    <ClCompile Include="..\..\afx\game\agxGameObject.c">
      <Filter>qwadro\game</Filter>
    </ClCompile>
    <ClCompile Include="..\..\afx\game\agxGameData.c">
      <Filter>qwadro\game</Filter>
    </ClCompile>
    <ClCompile Include="..\..\afx\io\afxResource.c">
      <Filter>qwadro\io</Filter>
    </ClCompile>
    <ClCompile Include="..\..\afx\io\afxStream.c">
      <Filter>qwadro\io</Filter>
    </ClCompile>
    <ClCompile Include="..\..\afx\io\afxUrd.c">
      <Filter>qwadro\io</Filter>
    </ClCompile>
    <ClCompile Include="..\..\afx\io\afxUri.c">
      <Filter>qwadro\io</Filter>
    </ClCompile>
    <ClCompile Include="..\..\afx\io\afxXml.c">
      <Filter>qwadro\io</Filter>
    </ClCompile>
    <ClCompile Include="..\..\afx\io\afxArchive.c">
      <Filter>qwadro\io</Filter>
    </ClCompile>
    <ClCompile Include="..\..\afx\io\afxFile.c">
      <Filter>qwadro\io</Filter>
    </ClCompile>
    <ClCompile Include="..\..\afx\mem\afxPool.c">
      <Filter>qwadro\mem</Filter>
    </ClCompile>
    <ClCompile Include="..\..\afx\mem\afxQueue.c">
      <Filter>qwadro\mem</Filter>
    </ClCompile>
    <ClCompile Include="..\..\afx\mem\afxSlabAllocator.c">
      <Filter>qwadro\mem</Filter>
    </ClCompile>
    <ClCompile Include="..\..\afx\mem\afxStack.c">
      <Filter>qwadro\mem</Filter>
    </ClCompile>
    <ClCompile Include="..\..\afx\mem\afxArena.c">
      <Filter>qwadro\mem</Filter>
    </ClCompile>
    <ClCompile Include="..\..\afx\mem\afxArray.c">
      <Filter>qwadro\mem</Filter>
    </ClCompile>
    <ClCompile Include="..\..\afx\io\afxData.c">
      <Filter>qwadro\io</Filter>
    </ClCompile>
    <ClCompile Include="..\..\afx\io\afxSource.c">
      <Filter>qwadro\io</Filter>
    </ClCompile>
    <ClCompile Include="..\..\afx\math\afxSimd.c">
      <Filter>qwadro\math</Filter>
    </ClCompile>
    <ClCompile Include="..\..\afx\mem\afxMappedString.c">
      <Filter>qwadro\mem</Filter>
    </ClCompile>
    <ClCompile Include="..\..\afx\io\afxStorage.c">
      <Filter>qwadro\io</Filter>
    </ClCompile>
    <ClCompile Include="..\..\afx\math\afxBox.c">
      <Filter>qwadro\math</Filter>
    </ClCompile>
    <ClCompile Include="..\..\afx\base\afxCoreDefs.c">
      <Filter>qwadro\base</Filter>
    </ClCompile>
    <ClCompile Include="..\..\afx\base\afxDebug_w32.c">
      <Filter>qwadro\base</Filter>
    </ClCompile>
    <ClCompile Include="..\..\afx\base\afxFixedString.c">
      <Filter>qwadro\base</Filter>
    </ClCompile>
    <ClCompile Include="..\..\afx\base\afxManifest.c">
      <Filter>qwadro\base</Filter>
    </ClCompile>
    <ClCompile Include="..\..\afx\base\afxObject.c">
      <Filter>qwadro\base</Filter>
    </ClCompile>
    <ClCompile Include="..\..\afx\base\afxRawString.c">
      <Filter>qwadro\base</Filter>
    </ClCompile>
    <ClCompile Include="..\..\afx\base\afxString.c">
      <Filter>qwadro\base</Filter>
    </ClCompile>
    <ClCompile Include="..\..\afx\base\afxVersion.c">
      <Filter>qwadro\base</Filter>
    </ClCompile>
    <ClCompile Include="..\..\afx\base\afxChain.c">
      <Filter>qwadro\base</Filter>
    </ClCompile>
    <ClCompile Include="..\..\afx\base\afxClass.c">
      <Filter>qwadro\base</Filter>
    </ClCompile>
    <ClCompile Include="..\..\afx\io\afxDatabase.c">
      <Filter>qwadro\io</Filter>
    </ClCompile>
    <ClCompile Include="..\..\afx\exec\afxService.c">
      <Filter>qwadro\exec</Filter>
    </ClCompile>
    <ClCompile Include="..\..\afx\exec\afxSlock_w32.c">
      <Filter>qwadro\exec</Filter>
    </ClCompile>
    <ClCompile Include="..\..\afx\exec\afxSystem.c">
      <Filter>qwadro\exec</Filter>
    </ClCompile>
    <ClCompile Include="..\..\afx\exec\afxSystem_w32.c">
      <Filter>qwadro\exec</Filter>
    </ClCompile>
    <ClCompile Include="..\..\afx\exec\afxThread_PC.c">
      <Filter>qwadro\exec</Filter>
    </ClCompile>
    <ClCompile Include="..\..\afx\exec\afxTime_w32.c">
      <Filter>qwadro\exec</Filter>
    </ClCompile>
    <ClCompile Include="..\..\afx\exec\afxAtomic_PC.c">
      <Filter>qwadro\exec</Filter>
    </ClCompile>
    <ClCompile Include="..\..\afx\exec\afxClock_w32.c">
      <Filter>qwadro\exec</Filter>
    </ClCompile>
    <ClCompile Include="..\..\afx\exec\afxDevice.c">
      <Filter>qwadro\exec</Filter>
    </ClCompile>
    <ClCompile Include="..\..\afx\exec\afxFence.c">
      <Filter>qwadro\exec</Filter>
    </ClCompile>
    <ClCompile Include="..\..\afx\exec\afxSemaphore.c">
      <Filter>qwadro\exec</Filter>
    </ClCompile>
    <ClCompile Include="..\..\afx\mem\afxInterlockedQueue.c">
      <Filter>qwadro\mem</Filter>
    </ClCompile>
    <ClCompile Include="..\..\afx\io\afxRing.c">
      <Filter>qwadro\io</Filter>
    </ClCompile>
    <ClCompile Include="..\..\afx\math\afxSphere.c">
      <Filter>qwadro\math</Filter>
    </ClCompile>
    <ClCompile Include="..\..\afx\math\afxWhd.c">
      <Filter>qwadro\math</Filter>
    </ClCompile>
    <ClCompile Include="..\..\afx\math\afxRay.c">
      <Filter>qwadro\math</Filter>
    </ClCompile>
    <ClCompile Include="..\..\afx\math\afxScalar.c">
      <Filter>qwadro\math</Filter>
    </ClCompile>
    <ClCompile Include="..\..\afx\mem\afxMemory.c">
      <Filter>qwadro\mem</Filter>
    </ClCompile>
    <ClCompile Include="..\..\afx\dep\tinycthread.c">
      <Filter>qwadro\dep</Filter>
    </ClCompile>
    <ClCompile Include="..\..\afx\xss\xssDebug.c">
      <Filter>qwadro\xss</Filter>
    </ClCompile>
    <ClCompile Include="..\..\afx\xss\xssOptMeta.c">
      <Filter>qwadro\xss</Filter>
    </ClCompile>
    <ClCompile Include="..\..\afx\xss\xssOptRandom.c">
      <Filter>qwadro\xss</Filter>
    </ClCompile>
    <ClCompile Include="..\..\afx\xss\xssPrimitive.c">
      <Filter>qwadro\xss</Filter>
    </ClCompile>
    <ClCompile Include="..\..\afx\xss\xssUtils.c">
      <Filter>qwadro\xss</Filter>
    </ClCompile>
    <ClCompile Include="..\..\afx\xss\xssValue.c">
      <Filter>qwadro\xss</Filter>
    </ClCompile>
    <ClCompile Include="..\..\afx\xss\xssVm.c">
      <Filter>qwadro\xss</Filter>
    </ClCompile>
    <ClCompile Include="..\..\afx\xss\xssCompiler.c">
      <Filter>qwadro\xss</Filter>
    </ClCompile>
    <ClCompile Include="..\..\afx\xss\xssCore.c">
      <Filter>qwadro\xss</Filter>
    </ClCompile>
    <ClCompile Include="..\..\afx\xss\afxScript.c">
      <Filter>qwadro\xss</Filter>
    </ClCompile>
    <ClCompile Include="..\..\afx\exec\afxConsole_w32.c">
      <Filter>qwadro\exec</Filter>
    </ClCompile>
    <ClCompile Include="..\..\afx\exec\afxModule_w32.c">
      <Filter>qwadro\exec</Filter>
    </ClCompile>
    <ClCompile Include="..\..\afx\exec\afxMutex_PC.c">
      <Filter>qwadro\exec</Filter>
    </ClCompile>
    <ClCompile Include="..\..\afx\exec\afxCondition_PC.c">
      <Filter>qwadro\exec</Filter>
    </ClCompile>
    <ClCompile Include="..\..\lib\rpmalloc\malloc.c">
      <Filter>qwadro\dep</Filter>
    </ClCompile>
    <ClCompile Include="..\..\lib\rpmalloc\rpmalloc.c">
      <Filter>qwadro\dep</Filter>
    </ClCompile>
    <ClCompile Include="..\..\afx\io\afxIoBridge.c">
      <Filter>qwadro\io</Filter>
    </ClCompile>
  </ItemGroup>
  <ItemGroup>
    <ResourceCompile Include="e2coree.rc">
      <Filter>_dll</Filter>
    </ResourceCompile>
  </ItemGroup>
</Project>