<?xml version="1.0" encoding="utf-8"?>
<Project ToolsVersion="4.0" xmlns="http://schemas.microsoft.com/developer/msbuild/2003">
  <ItemGroup>
    <Filter Include="qwadro">
      <UniqueIdentifier>{48bb229e-5a12-4bc7-90ba-2054655dfe4e}</UniqueIdentifier>
    </Filter>
    <Filter Include="qwadro\math">
      <UniqueIdentifier>{bfb78e21-6007-4902-94b2-e2c3057ff7e1}</UniqueIdentifier>
    </Filter>
    <Filter Include="qwadro\io">
      <UniqueIdentifier>{a28a9c88-0824-4eff-a448-c2f3e0dd9bf0}</UniqueIdentifier>
    </Filter>
    <Filter Include="qwadro\mem">
      <UniqueIdentifier>{b64972ca-8a8c-4c1c-aab2-0059ec9c49a0}</UniqueIdentifier>
    </Filter>
    <Filter Include="_dll">
      <UniqueIdentifier>{ee902471-68b0-4120-8ab6-db72fcab549e}</UniqueIdentifier>
    </Filter>
    <Filter Include="qwadro\base">
      <UniqueIdentifier>{629751d2-24e3-44d0-a657-fa62690906f8}</UniqueIdentifier>
    </Filter>
    <Filter Include="qwadro\exec">
      <UniqueIdentifier>{7b85f528-4cd5-4ea7-abf9-5de2266aa6de}</UniqueIdentifier>
    </Filter>
    <Filter Include="qwadro\dep">
      <UniqueIdentifier>{521e8835-a2c8-4a72-b816-46e5c94c204e}</UniqueIdentifier>
    </Filter>
    <Filter Include="qwadro\math\bound">
      <UniqueIdentifier>{94e23efd-b6c5-4664-871c-37b3727fa53d}</UniqueIdentifier>
    </Filter>
    <Filter Include="qwadro\impl">
      <UniqueIdentifier>{adcc620f-ecca-4935-b10a-6c6dfd3a4713}</UniqueIdentifier>
    </Filter>
    <Filter Include="qwadro\impl\xss">
      <UniqueIdentifier>{19183132-f8c7-4476-bbc4-953c4b5cc7d2}</UniqueIdentifier>
    </Filter>
  </ItemGroup>
  <ItemGroup>
    <ClInclude Include="..\..\inc\afxQwadro.h">
      <Filter>qwadro</Filter>
    </ClInclude>
    <ClInclude Include="..\..\inc\math\afxMathDefs.h">
      <Filter>qwadro\math</Filter>
    </ClInclude>
    <ClInclude Include="..\..\inc\math\afxVector.h">
      <Filter>qwadro\math</Filter>
    </ClInclude>
    <ClInclude Include="..\..\inc\math\afxTransform.h">
      <Filter>qwadro\math</Filter>
    </ClInclude>
    <ClInclude Include="..\..\inc\math\afxQuaternion.h">
      <Filter>qwadro\math</Filter>
    </ClInclude>
    <ClInclude Include="..\..\inc\math\afxMatrix.h">
      <Filter>qwadro\math</Filter>
    </ClInclude>
    <ClInclude Include="..\..\inc\math\afxTrigonometry.h">
      <Filter>qwadro\math</Filter>
    </ClInclude>
    <ClInclude Include="..\..\inc\math\afxVertex.h">
      <Filter>qwadro\math</Filter>
    </ClInclude>
    <ClInclude Include="..\..\inc\math\afxRotor.h">
      <Filter>qwadro\math</Filter>
    </ClInclude>
    <ClInclude Include="..\..\inc\io\afxSource.h">
      <Filter>qwadro\io</Filter>
    </ClInclude>
    <ClInclude Include="..\..\inc\io\afxStream.h">
      <Filter>qwadro\io</Filter>
    </ClInclude>
    <ClInclude Include="..\..\inc\io\afxUrd.h">
      <Filter>qwadro\io</Filter>
    </ClInclude>
    <ClInclude Include="..\..\inc\io\afxUri.h">
      <Filter>qwadro\io</Filter>
    </ClInclude>
    <ClInclude Include="..\..\inc\io\afxXml.h">
      <Filter>qwadro\io</Filter>
    </ClInclude>
    <ClInclude Include="..\..\inc\io\afxResource.h">
      <Filter>qwadro\io</Filter>
    </ClInclude>
    <ClInclude Include="..\..\inc\io\afxArchive.h">
      <Filter>qwadro\io</Filter>
    </ClInclude>
    <ClInclude Include="..\..\inc\io\afxFile.h">
      <Filter>qwadro\io</Filter>
    </ClInclude>
    <ClInclude Include="..\..\inc\mem\afxPool.h">
      <Filter>qwadro\mem</Filter>
    </ClInclude>
    <ClInclude Include="..\..\inc\mem\afxQueue.h">
      <Filter>qwadro\mem</Filter>
    </ClInclude>
    <ClInclude Include="..\..\inc\mem\afxSlabAllocator.h">
      <Filter>qwadro\mem</Filter>
    </ClInclude>
    <ClInclude Include="..\..\inc\mem\afxStack.h">
      <Filter>qwadro\mem</Filter>
    </ClInclude>
    <ClInclude Include="..\..\inc\mem\afxArena.h">
      <Filter>qwadro\mem</Filter>
    </ClInclude>
    <ClInclude Include="..\..\inc\mem\afxArray.h">
      <Filter>qwadro\mem</Filter>
    </ClInclude>
    <ClInclude Include="..\..\inc\io\afxData.h">
      <Filter>qwadro\io</Filter>
    </ClInclude>
    <ClInclude Include="resource.h">
      <Filter>_dll</Filter>
    </ClInclude>
    <ClInclude Include="..\..\inc\math\afxSimd.h">
      <Filter>qwadro\math</Filter>
    </ClInclude>
    <ClInclude Include="..\..\inc\mem\afxMappedString.h">
      <Filter>qwadro\mem</Filter>
    </ClInclude>
    <ClInclude Include="..\..\inc\io\afxStorage.h">
      <Filter>qwadro\io</Filter>
    </ClInclude>
    <ClInclude Include="..\..\inc\base\afxDebug.h">
      <Filter>qwadro\base</Filter>
    </ClInclude>
    <ClInclude Include="..\..\inc\base\afxEvent.h">
      <Filter>qwadro\base</Filter>
    </ClInclude>
    <ClInclude Include="..\..\inc\base\afxFcc.h">
      <Filter>qwadro\base</Filter>
    </ClInclude>
    <ClInclude Include="..\..\inc\base\afxFixedString.h">
      <Filter>qwadro\base</Filter>
    </ClInclude>
    <ClInclude Include="..\..\inc\base\afxIterator.h">
      <Filter>qwadro\base</Filter>
    </ClInclude>
    <ClInclude Include="..\..\inc\base\afxManifest.h">
      <Filter>qwadro\base</Filter>
    </ClInclude>
    <ClInclude Include="..\..\inc\base\afxObject.h">
      <Filter>qwadro\base</Filter>
    </ClInclude>
    <ClInclude Include="..\..\inc\base\afxPlatformDefs.h">
      <Filter>qwadro\base</Filter>
    </ClInclude>
    <ClInclude Include="..\..\inc\base\afxRawString.h">
      <Filter>qwadro\base</Filter>
    </ClInclude>
    <ClInclude Include="..\..\inc\base\afxString.h">
      <Filter>qwadro\base</Filter>
    </ClInclude>
    <ClInclude Include="..\..\inc\base\afxVersion.h">
      <Filter>qwadro\base</Filter>
    </ClInclude>
    <ClInclude Include="..\..\inc\base\afxChain.h">
      <Filter>qwadro\base</Filter>
    </ClInclude>
    <ClInclude Include="..\..\inc\base\afxClass.h">
      <Filter>qwadro\base</Filter>
    </ClInclude>
    <ClInclude Include="..\..\inc\base\afxCoreDefs.h">
      <Filter>qwadro\base</Filter>
    </ClInclude>
    <ClInclude Include="..\..\inc\io\afxDatabase.h">
      <Filter>qwadro\io</Filter>
    </ClInclude>
    <ClInclude Include="..\..\inc\exec\afxSystem.h">
      <Filter>qwadro\exec</Filter>
    </ClInclude>
    <ClInclude Include="..\..\inc\exec\afxThread.h">
      <Filter>qwadro\exec</Filter>
    </ClInclude>
    <ClInclude Include="..\..\inc\exec\afxTime.h">
      <Filter>qwadro\exec</Filter>
    </ClInclude>
    <ClInclude Include="..\..\inc\exec\afxAtomic.h">
      <Filter>qwadro\exec</Filter>
    </ClInclude>
    <ClInclude Include="..\..\inc\exec\afxClock.h">
      <Filter>qwadro\exec</Filter>
    </ClInclude>
    <ClInclude Include="..\..\inc\exec\afxCondition.h">
      <Filter>qwadro\exec</Filter>
    </ClInclude>
    <ClInclude Include="..\..\inc\exec\afxDevice.h">
      <Filter>qwadro\exec</Filter>
    </ClInclude>
    <ClInclude Include="..\..\inc\exec\afxModule.h">
      <Filter>qwadro\exec</Filter>
    </ClInclude>
    <ClInclude Include="..\..\inc\exec\afxMutex.h">
      <Filter>qwadro\exec</Filter>
    </ClInclude>
    <ClInclude Include="..\..\inc\exec\afxSemaphore.h">
      <Filter>qwadro\exec</Filter>
    </ClInclude>
    <ClInclude Include="..\..\inc\exec\afxService.h">
      <Filter>qwadro\exec</Filter>
    </ClInclude>
    <ClInclude Include="..\..\inc\exec\afxSlock.h">
      <Filter>qwadro\exec</Filter>
    </ClInclude>
    <ClInclude Include="..\..\inc\mem\afxInterlockedQueue.h">
      <Filter>qwadro\mem</Filter>
    </ClInclude>
    <ClInclude Include="..\..\inc\math\afxWhd.h">
      <Filter>qwadro\math</Filter>
    </ClInclude>
    <ClInclude Include="..\..\inc\math\afxRay.h">
      <Filter>qwadro\math</Filter>
    </ClInclude>
    <ClInclude Include="..\..\inc\math\afxScalar.h">
      <Filter>qwadro\math</Filter>
    </ClInclude>
    <ClInclude Include="..\..\inc\mem\afxMemory.h">
      <Filter>qwadro\mem</Filter>
    </ClInclude>
    <ClInclude Include="..\..\inc\io\afxIoBridge.h">
      <Filter>qwadro\io</Filter>
    </ClInclude>
    <ClInclude Include="..\..\inc\base\afxManifest2.h">
      <Filter>qwadro\base</Filter>
    </ClInclude>
    <ClInclude Include="..\..\inc\math\afxReal16.h">
      <Filter>qwadro\math</Filter>
    </ClInclude>
    <ClInclude Include="..\..\inc\math\afxSpace.h">
      <Filter>qwadro\math</Filter>
    </ClInclude>
    <ClInclude Include="..\..\inc\io\afxRing.h">
      <Filter>qwadro\io</Filter>
    </ClInclude>
    <ClInclude Include="..\..\inc\io\afxStreamOps.h">
      <Filter>qwadro\io</Filter>
    </ClInclude>
    <ClInclude Include="..\..\inc\math\bound\afxBox.h">
      <Filter>qwadro\math\bound</Filter>
    </ClInclude>
    <ClInclude Include="..\..\inc\math\bound\afxFrustum.h">
      <Filter>qwadro\math\bound</Filter>
    </ClInclude>
    <ClInclude Include="..\..\inc\math\bound\afxPlane.h">
      <Filter>qwadro\math\bound</Filter>
    </ClInclude>
    <ClInclude Include="..\..\inc\math\bound\afxSphere.h">
      <Filter>qwadro\math\bound</Filter>
    </ClInclude>
    <ClInclude Include="..\..\inc\math\bound\afxVolume.h">
      <Filter>qwadro\math\bound</Filter>
    </ClInclude>
    <ClInclude Include="..\..\src\impl\afxExecImplKit.h">
      <Filter>qwadro\impl</Filter>
    </ClInclude>
    <ClInclude Include="..\..\src\impl\afxIoImplKit.h">
      <Filter>qwadro\impl</Filter>
    </ClInclude>
    <ClInclude Include="..\..\src\impl\xss\xssCompiler.h">
      <Filter>qwadro\impl\xss</Filter>
    </ClInclude>
    <ClInclude Include="..\..\src\impl\xss\xssCore.h">
      <Filter>qwadro\impl\xss</Filter>
    </ClInclude>
    <ClInclude Include="..\..\src\impl\xss\xssDebug.h">
      <Filter>qwadro\impl\xss</Filter>
    </ClInclude>
    <ClInclude Include="..\..\src\impl\xss\xssMath.h">
      <Filter>qwadro\impl\xss</Filter>
    </ClInclude>
    <ClInclude Include="..\..\src\impl\xss\xssOpcodes.h">
      <Filter>qwadro\impl\xss</Filter>
    </ClInclude>
    <ClInclude Include="..\..\src\impl\xss\xssOptMeta.h">
      <Filter>qwadro\impl\xss</Filter>
    </ClInclude>
    <ClInclude Include="..\..\src\impl\xss\xssOptRandom.h">
      <Filter>qwadro\impl\xss</Filter>
    </ClInclude>
    <ClInclude Include="..\..\src\impl\xss\xssPrimitive.h">
      <Filter>qwadro\impl\xss</Filter>
    </ClInclude>
    <ClInclude Include="..\..\src\impl\xss\xssUtils.h">
      <Filter>qwadro\impl\xss</Filter>
    </ClInclude>
    <ClInclude Include="..\..\src\impl\xss\xssValue.h">
      <Filter>qwadro\impl\xss</Filter>
    </ClInclude>
    <ClInclude Include="..\..\src\impl\xss\xssVm.h">
      <Filter>qwadro\impl\xss</Filter>
    </ClInclude>
    <ClInclude Include="..\..\src\impl\xss\xssCommon.h">
      <Filter>qwadro\impl\xss</Filter>
    </ClInclude>
    <ClInclude Include="..\..\src\impl\xss\xss.h">
      <Filter>qwadro\impl\xss</Filter>
    </ClInclude>
    <ClInclude Include="..\..\inc\exec\afxScript.h">
      <Filter>qwadro\exec</Filter>
    </ClInclude>
    <ClInclude Include="..\..\inc\exec\afxProcess.h">
      <Filter>qwadro\exec</Filter>
    </ClInclude>
    <ClInclude Include="..\..\inc\exec\afxTerminal.h">
      <Filter>qwadro\exec</Filter>
    </ClInclude>
  </ItemGroup>
  <ItemGroup>
    <None Include="..\..\README.md">
      <Filter>qwadro</Filter>
    </None>
    <None Include="..\..\src\impl\xss\xssCore.xss">
      <Filter>qwadro\impl\xss</Filter>
    </None>
    <None Include="..\..\src\impl\xss\xssCore.xss.inc">
      <Filter>qwadro\impl\xss</Filter>
    </None>
    <None Include="..\..\src\impl\xss\xssOptMeta.xss">
      <Filter>qwadro\impl\xss</Filter>
    </None>
    <None Include="..\..\src\impl\xss\xssOptMeta.xss.inc">
      <Filter>qwadro\impl\xss</Filter>
    </None>
    <None Include="..\..\src\impl\xss\xssOptRandom.xss">
      <Filter>qwadro\impl\xss</Filter>
    </None>
    <None Include="..\..\src\impl\xss\xssOptRandom.xss.inc">
      <Filter>qwadro\impl\xss</Filter>
    </None>
  </ItemGroup>
  <ItemGroup>
    <Text Include="..\..\go-horse.txt">
      <Filter>qwadro</Filter>
    </Text>
  </ItemGroup>
  <ItemGroup>
    <ClCompile Include="..\..\src\afxQwadro.c">
      <Filter>qwadro</Filter>
    </ClCompile>
    <ClCompile Include="..\..\src\afxQwadroCpp.cpp">
      <Filter>qwadro</Filter>
    </ClCompile>
    <ClCompile Include="..\..\src\math\afxTransform.c">
      <Filter>qwadro\math</Filter>
    </ClCompile>
    <ClCompile Include="..\..\src\math\afxMathOps.c">
      <Filter>qwadro\math</Filter>
    </ClCompile>
    <ClCompile Include="..\..\src\math\afxQuaternion.c">
      <Filter>qwadro\math</Filter>
    </ClCompile>
    <ClCompile Include="..\..\src\math\afxMatrix.c">
      <Filter>qwadro\math</Filter>
    </ClCompile>
    <ClCompile Include="..\..\src\math\afxVector.c">
      <Filter>qwadro\math</Filter>
    </ClCompile>
    <ClCompile Include="..\..\src\math\afxTrigonometry.c">
      <Filter>qwadro\math</Filter>
    </ClCompile>
    <ClCompile Include="..\..\src\math\afxVertex.c">
      <Filter>qwadro\math</Filter>
    </ClCompile>
    <ClCompile Include="..\..\src\math\afxRotor.c">
      <Filter>qwadro\math</Filter>
    </ClCompile>
    <ClCompile Include="..\..\src\io\afxResource.c">
      <Filter>qwadro\io</Filter>
    </ClCompile>
    <ClCompile Include="..\..\src\io\afxStream.c">
      <Filter>qwadro\io</Filter>
    </ClCompile>
    <ClCompile Include="..\..\src\io\afxUrd.c">
      <Filter>qwadro\io</Filter>
    </ClCompile>
    <ClCompile Include="..\..\src\io\afxUri.c">
      <Filter>qwadro\io</Filter>
    </ClCompile>
    <ClCompile Include="..\..\src\io\afxXml.c">
      <Filter>qwadro\io</Filter>
    </ClCompile>
    <ClCompile Include="..\..\src\io\afxArchive.c">
      <Filter>qwadro\io</Filter>
    </ClCompile>
    <ClCompile Include="..\..\src\io\afxFile.c">
      <Filter>qwadro\io</Filter>
    </ClCompile>
    <ClCompile Include="..\..\src\mem\afxPool.c">
      <Filter>qwadro\mem</Filter>
    </ClCompile>
    <ClCompile Include="..\..\src\mem\afxQueue.c">
      <Filter>qwadro\mem</Filter>
    </ClCompile>
    <ClCompile Include="..\..\src\mem\afxSlabAllocator.c">
      <Filter>qwadro\mem</Filter>
    </ClCompile>
    <ClCompile Include="..\..\src\mem\afxStack.c">
      <Filter>qwadro\mem</Filter>
    </ClCompile>
    <ClCompile Include="..\..\src\mem\afxArena.c">
      <Filter>qwadro\mem</Filter>
    </ClCompile>
    <ClCompile Include="..\..\src\mem\afxArray.c">
      <Filter>qwadro\mem</Filter>
    </ClCompile>
    <ClCompile Include="..\..\src\io\afxData.c">
      <Filter>qwadro\io</Filter>
    </ClCompile>
    <ClCompile Include="..\..\src\io\afxSource.c">
      <Filter>qwadro\io</Filter>
    </ClCompile>
    <ClCompile Include="..\..\src\math\afxSimd.c">
      <Filter>qwadro\math</Filter>
    </ClCompile>
    <ClCompile Include="..\..\src\mem\afxMappedString.c">
      <Filter>qwadro\mem</Filter>
    </ClCompile>
    <ClCompile Include="..\..\src\io\afxStorage.c">
      <Filter>qwadro\io</Filter>
    </ClCompile>
    <ClCompile Include="..\..\src\base\afxCoreDefs.c">
      <Filter>qwadro\base</Filter>
    </ClCompile>
    <ClCompile Include="..\..\src\base\afxDebug_w32.c">
      <Filter>qwadro\base</Filter>
    </ClCompile>
    <ClCompile Include="..\..\src\base\afxFixedString.c">
      <Filter>qwadro\base</Filter>
    </ClCompile>
    <ClCompile Include="..\..\src\base\afxManifest.c">
      <Filter>qwadro\base</Filter>
    </ClCompile>
    <ClCompile Include="..\..\src\base\afxObject.c">
      <Filter>qwadro\base</Filter>
    </ClCompile>
    <ClCompile Include="..\..\src\base\afxRawString.c">
      <Filter>qwadro\base</Filter>
    </ClCompile>
    <ClCompile Include="..\..\src\base\afxString.c">
      <Filter>qwadro\base</Filter>
    </ClCompile>
    <ClCompile Include="..\..\src\base\afxVersion.c">
      <Filter>qwadro\base</Filter>
    </ClCompile>
    <ClCompile Include="..\..\src\base\afxChain.c">
      <Filter>qwadro\base</Filter>
    </ClCompile>
    <ClCompile Include="..\..\src\base\afxClass.c">
      <Filter>qwadro\base</Filter>
    </ClCompile>
    <ClCompile Include="..\..\src\io\afxDatabase.c">
      <Filter>qwadro\io</Filter>
    </ClCompile>
    <ClCompile Include="..\..\src\exec\afxService.c">
      <Filter>qwadro\exec</Filter>
    </ClCompile>
    <ClCompile Include="..\..\src\exec\afxSlock_w32.c">
      <Filter>qwadro\exec</Filter>
    </ClCompile>
    <ClCompile Include="..\..\src\exec\afxSystem.c">
      <Filter>qwadro\exec</Filter>
    </ClCompile>
    <ClCompile Include="..\..\src\exec\afxSystem_w32.c">
      <Filter>qwadro\exec</Filter>
    </ClCompile>
    <ClCompile Include="..\..\src\exec\afxThread_PC.c">
      <Filter>qwadro\exec</Filter>
    </ClCompile>
    <ClCompile Include="..\..\src\exec\afxTime_w32.c">
      <Filter>qwadro\exec</Filter>
    </ClCompile>
    <ClCompile Include="..\..\src\exec\afxAtomic_PC.c">
      <Filter>qwadro\exec</Filter>
    </ClCompile>
    <ClCompile Include="..\..\src\exec\afxClock_w32.c">
      <Filter>qwadro\exec</Filter>
    </ClCompile>
    <ClCompile Include="..\..\src\exec\afxDevice.c">
      <Filter>qwadro\exec</Filter>
    </ClCompile>
    <ClCompile Include="..\..\src\exec\afxSemaphore.c">
      <Filter>qwadro\exec</Filter>
    </ClCompile>
    <ClCompile Include="..\..\src\mem\afxInterlockedQueue.c">
      <Filter>qwadro\mem</Filter>
    </ClCompile>
    <ClCompile Include="..\..\src\io\afxRing.c">
      <Filter>qwadro\io</Filter>
    </ClCompile>
    <ClCompile Include="..\..\src\math\afxWhd.c">
      <Filter>qwadro\math</Filter>
    </ClCompile>
    <ClCompile Include="..\..\src\math\afxRay.c">
      <Filter>qwadro\math</Filter>
    </ClCompile>
    <ClCompile Include="..\..\src\math\afxScalar.c">
      <Filter>qwadro\math</Filter>
    </ClCompile>
    <ClCompile Include="..\..\src\mem\afxMemory.c">
      <Filter>qwadro\mem</Filter>
    </ClCompile>
    <ClCompile Include="..\..\src\exec\afxModule_w32.c">
      <Filter>qwadro\exec</Filter>
    </ClCompile>
    <ClCompile Include="..\..\src\exec\afxMutex_PC.c">
      <Filter>qwadro\exec</Filter>
    </ClCompile>
    <ClCompile Include="..\..\src\exec\afxCondition_PC.c">
      <Filter>qwadro\exec</Filter>
    </ClCompile>
    <ClCompile Include="..\..\src\io\afxIoBridge.c">
      <Filter>qwadro\io</Filter>
    </ClCompile>
    <ClCompile Include="..\..\src\base\afxManifest2.c">
      <Filter>qwadro\base</Filter>
    </ClCompile>
    <ClCompile Include="..\..\src\math\afxReal16.c">
      <Filter>qwadro\math</Filter>
    </ClCompile>
    <ClCompile Include="..\..\dep\rpmalloc\malloc.c">
      <Filter>qwadro\dep</Filter>
    </ClCompile>
    <ClCompile Include="..\..\dep\rpmalloc\rpmalloc.c">
      <Filter>qwadro\dep</Filter>
    </ClCompile>
    <ClCompile Include="..\..\src\io\afxIoQueue.c">
      <Filter>qwadro\io</Filter>
    </ClCompile>
    <ClCompile Include="..\..\src\io\afxIoPort.c">
      <Filter>qwadro\io</Filter>
    </ClCompile>
    <ClCompile Include="..\..\src\io\afxStreamOps.c">
      <Filter>qwadro\io</Filter>
    </ClCompile>
    <ClCompile Include="..\..\src\io\afxStreamXpu.c">
      <Filter>qwadro\io</Filter>
    </ClCompile>
    <ClCompile Include="..\..\src\math\bound\afxFrustum.c">
      <Filter>qwadro\math\bound</Filter>
    </ClCompile>
    <ClCompile Include="..\..\src\math\bound\afxPlane.c">
      <Filter>qwadro\math\bound</Filter>
    </ClCompile>
    <ClCompile Include="..\..\src\math\bound\afxSphere.c">
      <Filter>qwadro\math\bound</Filter>
    </ClCompile>
    <ClCompile Include="..\..\src\math\bound\afxBox.c">
      <Filter>qwadro\math\bound</Filter>
    </ClCompile>
    <ClCompile Include="..\..\src\impl\xss\xssCompiler.c">
      <Filter>qwadro\impl\xss</Filter>
    </ClCompile>
    <ClCompile Include="..\..\src\impl\xss\xssCore.c">
      <Filter>qwadro\impl\xss</Filter>
    </ClCompile>
    <ClCompile Include="..\..\src\impl\xss\xssDebug.c">
      <Filter>qwadro\impl\xss</Filter>
    </ClCompile>
    <ClCompile Include="..\..\src\impl\xss\xssOptMeta.c">
      <Filter>qwadro\impl\xss</Filter>
    </ClCompile>
    <ClCompile Include="..\..\src\impl\xss\xssOptRandom.c">
      <Filter>qwadro\impl\xss</Filter>
    </ClCompile>
    <ClCompile Include="..\..\src\impl\xss\xssPrimitive.c">
      <Filter>qwadro\impl\xss</Filter>
    </ClCompile>
    <ClCompile Include="..\..\src\impl\xss\xssUtils.c">
      <Filter>qwadro\impl\xss</Filter>
    </ClCompile>
    <ClCompile Include="..\..\src\impl\xss\xssValue.c">
      <Filter>qwadro\impl\xss</Filter>
    </ClCompile>
    <ClCompile Include="..\..\src\impl\xss\xssVm.c">
      <Filter>qwadro\impl\xss</Filter>
    </ClCompile>
    <ClCompile Include="..\..\src\exec\afxScript.c">
      <Filter>qwadro\exec</Filter>
    </ClCompile>
    <ClCompile Include="..\..\src\impl\xss\xssInterfaceIo.c">
      <Filter>qwadro\impl\xss</Filter>
    </ClCompile>
    <ClCompile Include="..\..\src\exec\afxProcess_W32.c">
      <Filter>qwadro\exec</Filter>
    </ClCompile>
    <ClCompile Include="..\..\src\exec\afxTerminal_w32.c">
      <Filter>qwadro\exec</Filter>
    </ClCompile>
    <ClCompile Include="..\..\src\exec\afxSystemModules.c">
      <Filter>qwadro\exec</Filter>
    </ClCompile>
  </ItemGroup>
  <ItemGroup>
    <ResourceCompile Include="e2coree.rc">
      <Filter>_dll</Filter>
    </ResourceCompile>
  </ItemGroup>
</Project>