<?xml version="1.0" encoding="utf-8"?>
<Project ToolsVersion="4.0" xmlns="http://schemas.microsoft.com/developer/msbuild/2003">
  <ItemGroup>
    <Filter Include="qwadro">
      <UniqueIdentifier>{334cc892-f619-4b48-96b8-2d8997caec44}</UniqueIdentifier>
    </Filter>
    <Filter Include="qwadro\draw">
      <UniqueIdentifier>{e19f9e4a-6351-4324-89a4-985758e74729}</UniqueIdentifier>
    </Filter>
    <Filter Include="qwadro\draw\pipe">
      <UniqueIdentifier>{0ca6b178-9c8d-4d89-972d-6ed2123d2573}</UniqueIdentifier>
    </Filter>
    <Filter Include="qwadro\draw\io">
      <UniqueIdentifier>{744bf3d2-a0ce-4ec1-bc14-63223fd1dc4f}</UniqueIdentifier>
    </Filter>
    <Filter Include="qwadro\draw\imm">
      <UniqueIdentifier>{f0659f9e-4141-4d40-be9a-b190d04420be}</UniqueIdentifier>
    </Filter>
    <Filter Include="qwadro\draw\dev">
      <UniqueIdentifier>{dc73ed71-31f3-41e9-a4e3-a498ef19efcc}</UniqueIdentifier>
    </Filter>
    <Filter Include="_dll">
      <UniqueIdentifier>{69824dbb-b6b2-43db-9c39-51761f93644c}</UniqueIdentifier>
    </Filter>
    <Filter Include="qwadro\math">
      <UniqueIdentifier>{3f437232-2df5-4826-8b40-6fef5a81e20d}</UniqueIdentifier>
    </Filter>
    <Filter Include="qwadro\cad">
      <UniqueIdentifier>{84d5d21c-2a8d-4b34-acf2-465a74d0580c}</UniqueIdentifier>
    </Filter>
    <Filter Include="qwadro\dev">
      <UniqueIdentifier>{9be42509-575e-42a8-baea-b1f6c1c5dfae}</UniqueIdentifier>
    </Filter>
  </ItemGroup>
  <ItemGroup>
    <ClInclude Include="resource.h">
      <Filter>_dll</Filter>
    </ClInclude>
    <ClInclude Include="..\..\draw\afxDrawDefs.h">
      <Filter>qwadro\draw</Filter>
    </ClInclude>
    <ClInclude Include="..\..\draw\afxPixel.h">
      <Filter>qwadro\draw</Filter>
    </ClInclude>
    <ClInclude Include="..\..\draw\io\afxVertexStream.h">
      <Filter>qwadro\draw\io</Filter>
    </ClInclude>
    <ClInclude Include="..\..\draw\io\afxXsh.h">
      <Filter>qwadro\draw\io</Filter>
    </ClInclude>
    <ClInclude Include="..\..\draw\io\afxTxd.h">
      <Filter>qwadro\draw\io</Filter>
    </ClInclude>
    <ClInclude Include="..\..\draw\io\afxTarga.h">
      <Filter>qwadro\draw\io</Filter>
    </ClInclude>
    <ClInclude Include="..\..\draw\io\afxTypography.h">
      <Filter>qwadro\draw\io</Filter>
    </ClInclude>
    <ClInclude Include="..\..\..\dep_\vgl\vgl.h">
      <Filter>qwadro\draw\imm</Filter>
    </ClInclude>
    <ClInclude Include="..\..\draw\imm\avxPaint.h">
      <Filter>qwadro\draw\imm</Filter>
    </ClInclude>
    <ClInclude Include="..\..\draw\pipe\avxRasterizer.h">
      <Filter>qwadro\draw\pipe</Filter>
    </ClInclude>
    <ClInclude Include="..\..\draw\pipe\avxSampler.h">
      <Filter>qwadro\draw\pipe</Filter>
    </ClInclude>
    <ClInclude Include="..\..\draw\pipe\avxVertexInput.h">
      <Filter>qwadro\draw\pipe</Filter>
    </ClInclude>
    <ClInclude Include="..\..\draw\pipe\avxLigature.h">
      <Filter>qwadro\draw\pipe</Filter>
    </ClInclude>
    <ClInclude Include="..\..\draw\pipe\avxPipeline.h">
      <Filter>qwadro\draw\pipe</Filter>
    </ClInclude>
    <ClInclude Include="..\..\draw\pipe\avxCanvas.h">
      <Filter>qwadro\draw\pipe</Filter>
    </ClInclude>
    <ClInclude Include="..\..\draw\pipe\avxQueryPool.h">
      <Filter>qwadro\draw\pipe</Filter>
    </ClInclude>
    <ClInclude Include="..\..\draw\pipe\avxQueryOps.h">
      <Filter>qwadro\draw\pipe</Filter>
    </ClInclude>
    <ClInclude Include="..\..\draw\pipe\avxRasterOps.h">
      <Filter>qwadro\draw\pipe</Filter>
    </ClInclude>
    <ClInclude Include="..\..\draw\pipe\avxTransformationOps.h">
      <Filter>qwadro\draw\pipe</Filter>
    </ClInclude>
    <ClInclude Include="..\..\draw\pipe\avxDrawOps.h">
      <Filter>qwadro\draw\pipe</Filter>
    </ClInclude>
    <ClInclude Include="..\..\draw\pipe\avxBufferOps.h">
      <Filter>qwadro\draw\pipe</Filter>
    </ClInclude>
    <ClInclude Include="..\..\draw\pipe\avxRasterizationOps.h">
      <Filter>qwadro\draw\pipe</Filter>
    </ClInclude>
    <ClInclude Include="..\..\draw\dev\afxDrawBridge.h">
      <Filter>qwadro\draw\dev</Filter>
    </ClInclude>
    <ClInclude Include="..\..\draw\dev\afxDrawContext.h">
      <Filter>qwadro\draw\dev</Filter>
    </ClInclude>
    <ClInclude Include="..\..\draw\dev\afxDrawOutput.h">
      <Filter>qwadro\draw\dev</Filter>
    </ClInclude>
    <ClInclude Include="..\..\draw\dev\afxDrawInput.h">
      <Filter>qwadro\draw\dev</Filter>
    </ClInclude>
    <ClInclude Include="..\..\draw\afxRaster.h">
      <Filter>qwadro\draw</Filter>
    </ClInclude>
    <ClInclude Include="..\..\draw\afxBuffer.h">
      <Filter>qwadro\draw</Filter>
    </ClInclude>
    <ClInclude Include="..\..\draw\pipe\avxShader.h">
      <Filter>qwadro\draw\pipe</Filter>
    </ClInclude>
    <ClInclude Include="..\..\draw\dev\avxCmdb.h">
      <Filter>qwadro\draw\dev</Filter>
    </ClInclude>
    <ClInclude Include="..\..\draw\dev\afxDrawSystem.h">
      <Filter>qwadro\draw\dev</Filter>
    </ClInclude>
    <ClInclude Include="..\..\math\afxColor.h">
      <Filter>qwadro\math</Filter>
    </ClInclude>
    <ClInclude Include="..\..\math\afxViewport.h">
      <Filter>qwadro\math</Filter>
    </ClInclude>
    <ClInclude Include="..\..\math\avxMatrix.h">
      <Filter>qwadro\math</Filter>
    </ClInclude>
    <ClInclude Include="..\..\cad\afxMeshBuilder.h">
      <Filter>qwadro\cad</Filter>
    </ClInclude>
    <ClInclude Include="..\..\cad\afxMeshTopology.h">
      <Filter>qwadro\cad</Filter>
    </ClInclude>
    <ClInclude Include="..\..\cad\akxVertexData.h">
      <Filter>qwadro\cad</Filter>
    </ClInclude>
    <ClInclude Include="..\..\cad\afxMesh.h">
      <Filter>qwadro\cad</Filter>
    </ClInclude>
    <ClInclude Include="..\..\draw\afxCamera.h">
      <Filter>qwadro\draw</Filter>
    </ClInclude>
    <ClInclude Include="..\..\draw\afxDrawTechnique.h">
      <Filter>qwadro\draw</Filter>
    </ClInclude>
    <ClInclude Include="..\..\afx\dev\AvxContextImplKit.h">
      <Filter>qwadro\dev</Filter>
    </ClInclude>
    <ClInclude Include="..\..\afx\dev\AvxDeviceImplKit.h">
      <Filter>qwadro\dev</Filter>
    </ClInclude>
    <ClInclude Include="..\..\afx\dev\AvxImplKit.h">
      <Filter>qwadro\dev</Filter>
    </ClInclude>
    <ClInclude Include="..\..\afx\dev\AvxInputImplKit.h">
      <Filter>qwadro\dev</Filter>
    </ClInclude>
  </ItemGroup>
  <ItemGroup>
    <ResourceCompile Include="e2vgi.rc">
      <Filter>_dll</Filter>
    </ResourceCompile>
  </ItemGroup>
  <ItemGroup>
    <ClCompile Include="..\..\afx\draw\afxDrawDefs.c">
      <Filter>qwadro\draw</Filter>
    </ClCompile>
    <ClCompile Include="..\..\afx\draw\afxPixel.c">
      <Filter>qwadro\draw</Filter>
    </ClCompile>
    <ClCompile Include="..\..\afx\draw\io\afxTarga.c">
      <Filter>qwadro\draw\io</Filter>
    </ClCompile>
    <ClCompile Include="..\..\afx\draw\io\afxVertexStream.c">
      <Filter>qwadro\draw\io</Filter>
    </ClCompile>
    <ClCompile Include="..\..\afx\draw\io\afxXsh.c">
      <Filter>qwadro\draw\io</Filter>
    </ClCompile>
    <ClCompile Include="..\..\afx\draw\io\afxTxd.c">
      <Filter>qwadro\draw\io</Filter>
    </ClCompile>
    <ClCompile Include="..\..\afx\draw\io\afxTypography.c">
      <Filter>qwadro\draw\io</Filter>
    </ClCompile>
    <ClCompile Include="..\..\..\dep_\vgl\vgl.c">
      <Filter>qwadro\draw\imm</Filter>
    </ClCompile>
    <ClCompile Include="..\..\afx\draw\imm\avxPaint.c">
      <Filter>qwadro\draw\imm</Filter>
    </ClCompile>
    <ClCompile Include="..\..\afx\draw\pipe\avxRasterizer.c">
      <Filter>qwadro\draw\pipe</Filter>
    </ClCompile>
    <ClCompile Include="..\..\afx\draw\pipe\avxSampler.c">
      <Filter>qwadro\draw\pipe</Filter>
    </ClCompile>
    <ClCompile Include="..\..\afx\draw\pipe\avxVertexInput.c">
      <Filter>qwadro\draw\pipe</Filter>
    </ClCompile>
    <ClCompile Include="..\..\afx\draw\pipe\avxLigature.c">
      <Filter>qwadro\draw\pipe</Filter>
    </ClCompile>
    <ClCompile Include="..\..\afx\draw\pipe\avxPipeline.c">
      <Filter>qwadro\draw\pipe</Filter>
    </ClCompile>
    <ClCompile Include="..\..\afx\draw\pipe\avxCanvas.c">
      <Filter>qwadro\draw\pipe</Filter>
    </ClCompile>
    <ClCompile Include="..\..\afx\draw\pipe\avxQueryPool.c">
      <Filter>qwadro\draw\pipe</Filter>
    </ClCompile>
    <ClCompile Include="..\..\afx\draw\pipe\avxQueryOps.c">
      <Filter>qwadro\draw\pipe</Filter>
    </ClCompile>
    <ClCompile Include="..\..\afx\draw\pipe\avxRasterOps.c">
      <Filter>qwadro\draw\pipe</Filter>
    </ClCompile>
    <ClCompile Include="..\..\afx\draw\pipe\avxTransformationOps.c">
      <Filter>qwadro\draw\pipe</Filter>
    </ClCompile>
    <ClCompile Include="..\..\afx\draw\pipe\avxDrawOps.c">
      <Filter>qwadro\draw\pipe</Filter>
    </ClCompile>
    <ClCompile Include="..\..\afx\draw\pipe\avxBufferOps.c">
      <Filter>qwadro\draw\pipe</Filter>
    </ClCompile>
    <ClCompile Include="..\..\afx\draw\pipe\avxRasterizationOps.c">
      <Filter>qwadro\draw\pipe</Filter>
    </ClCompile>
    <ClCompile Include="..\..\afx\draw\dev\afxDrawBridge.c">
      <Filter>qwadro\draw\dev</Filter>
    </ClCompile>
    <ClCompile Include="..\..\afx\draw\dev\afxDrawContext.c">
      <Filter>qwadro\draw\dev</Filter>
    </ClCompile>
    <ClCompile Include="..\..\afx\draw\dev\afxDrawOutput.c">
      <Filter>qwadro\draw\dev</Filter>
    </ClCompile>
    <ClCompile Include="..\..\afx\draw\dev\afxDrawSystem.c">
      <Filter>qwadro\draw\dev</Filter>
    </ClCompile>
    <ClCompile Include="..\..\afx\draw\dev\afxDrawInput.c">
      <Filter>qwadro\draw\dev</Filter>
    </ClCompile>
    <ClCompile Include="..\..\afx\draw\afxBuffer.c">
      <Filter>qwadro\draw</Filter>
    </ClCompile>
    <ClCompile Include="..\..\afx\draw\afxRaster.c">
      <Filter>qwadro\draw</Filter>
    </ClCompile>
    <ClCompile Include="..\..\afx\draw\pipe\avxShader.c">
      <Filter>qwadro\draw\pipe</Filter>
    </ClCompile>
    <ClCompile Include="..\..\afx\draw\dev\avxCmdb.c">
      <Filter>qwadro\draw\dev</Filter>
    </ClCompile>
    <ClCompile Include="..\..\afx\math\afxColor.c">
      <Filter>qwadro\math</Filter>
    </ClCompile>
    <ClCompile Include="..\..\afx\math\afxViewport.c">
      <Filter>qwadro\math</Filter>
    </ClCompile>
    <ClCompile Include="..\..\afx\math\avxMatrix.c">
      <Filter>qwadro\math</Filter>
    </ClCompile>
    <ClCompile Include="..\..\afx\cad\afxMeshBuilder.c">
      <Filter>qwadro\cad</Filter>
    </ClCompile>
    <ClCompile Include="..\..\afx\cad\afxMeshTopology.c">
      <Filter>qwadro\cad</Filter>
    </ClCompile>
    <ClCompile Include="..\..\afx\cad\akxVertexData.c">
      <Filter>qwadro\cad</Filter>
    </ClCompile>
    <ClCompile Include="..\..\afx\cad\afxMesh.c">
      <Filter>qwadro\cad</Filter>
    </ClCompile>
    <ClCompile Include="..\..\afx\draw\afxCamera.c">
      <Filter>qwadro\draw</Filter>
    </ClCompile>
    <ClCompile Include="..\..\afx\draw\afxDrawTechnique.c">
      <Filter>qwadro\draw</Filter>
    </ClCompile>
  </ItemGroup>
</Project>