<?xml version="1.0" encoding="utf-8"?>
<Project ToolsVersion="4.0" xmlns="http://schemas.microsoft.com/developer/msbuild/2003">
  <ItemGroup>
    <Filter Include="qwadro">
      <UniqueIdentifier>{e6ecb287-47f6-4d13-be4f-5191defecfbc}</UniqueIdentifier>
    </Filter>
    <Filter Include="_dll">
      <UniqueIdentifier>{37004e6e-1459-46e6-b3e3-44ba7270d08a}</UniqueIdentifier>
    </Filter>
    <Filter Include="qwadro\ux">
      <UniqueIdentifier>{4be41a32-e9be-4f31-b40f-df5202683b52}</UniqueIdentifier>
    </Filter>
    <Filter Include="qwadro\ux\va">
      <UniqueIdentifier>{9b228ef9-8379-4acb-84ef-f336d50c523b}</UniqueIdentifier>
    </Filter>
    <Filter Include="qwadro\ux\impl">
      <UniqueIdentifier>{1c14798f-38af-4077-a295-4f4953bcb173}</UniqueIdentifier>
    </Filter>
    <Filter Include="qwadro\ux\hid">
      <UniqueIdentifier>{cb16976d-3205-42bc-b0de-c54818915508}</UniqueIdentifier>
    </Filter>
  </ItemGroup>
  <ItemGroup>
    <ClCompile Include="..\..\src\ux\afxWidget.c">
      <Filter>qwadro\ux</Filter>
    </ClCompile>
    <ClCompile Include="..\..\src\ux\afxWindow.c">
      <Filter>qwadro\ux</Filter>
    </ClCompile>
    <ClCompile Include="..\..\src\ux\afxShell.c">
      <Filter>qwadro\ux</Filter>
    </ClCompile>
    <ClCompile Include="..\..\src\ux\afxSession.c">
      <Filter>qwadro\ux</Filter>
    </ClCompile>
    <ClCompile Include="..\..\..\..\dep_\vgl\vgl.c">
      <Filter>qwadro\ux\va</Filter>
    </ClCompile>
    <ClCompile Include="..\..\src\ux\va\auxPaint.c">
      <Filter>qwadro\ux\va</Filter>
    </ClCompile>
    <ClCompile Include="..\..\..\..\dep_\vgl1\vgl1.c">
      <Filter>qwadro\ux\va</Filter>
    </ClCompile>
    <ClCompile Include="..\..\src\ux\hid\afxKeyboard.c">
      <Filter>qwadro\ux\hid</Filter>
    </ClCompile>
    <ClCompile Include="..\..\src\ux\hid\afxMouse.c">
      <Filter>qwadro\ux\hid</Filter>
    </ClCompile>
    <ClCompile Include="..\..\src\ux\hid\afxGamepad.c">
      <Filter>qwadro\ux\hid</Filter>
    </ClCompile>
    <ClCompile Include="..\..\src\ux\hid\afxHid.c">
      <Filter>qwadro\ux\hid</Filter>
    </ClCompile>
    <ClCompile Include="..\..\src\ux\impl\auxImplementation.c">
      <Filter>qwadro\ux\impl</Filter>
    </ClCompile>
    <ClCompile Include="..\..\src\ux\impl\auxImpl_Window.c">
      <Filter>qwadro\ux\impl</Filter>
    </ClCompile>
    <ClCompile Include="..\..\src\ux\impl\auxImpl_Session.c">
      <Filter>qwadro\ux\impl</Filter>
    </ClCompile>
    <ClCompile Include="..\..\src\ux\impl\auxImpl_Widget.c">
      <Filter>qwadro\ux\impl</Filter>
    </ClCompile>
  </ItemGroup>
  <ItemGroup>
    <ClInclude Include="..\..\inc\ux\afxUxDefs.h">
      <Filter>qwadro\ux</Filter>
    </ClInclude>
    <ClInclude Include="..\..\inc\ux\afxWidget.h">
      <Filter>qwadro\ux</Filter>
    </ClInclude>
    <ClInclude Include="resource.h">
      <Filter>_dll</Filter>
    </ClInclude>
    <ClInclude Include="..\..\inc\ux\afxShell.h">
      <Filter>qwadro\ux</Filter>
    </ClInclude>
    <ClInclude Include="..\..\inc\ux\afxWindow.h">
      <Filter>qwadro\ux</Filter>
    </ClInclude>
    <ClInclude Include="..\..\inc\ux\afxSession.h">
      <Filter>qwadro\ux</Filter>
    </ClInclude>
    <ClInclude Include="..\..\inc\ux\va\auxPaint.h">
      <Filter>qwadro\ux\va</Filter>
    </ClInclude>
    <ClInclude Include="..\..\..\..\dep_\vgl1\vgl1.h">
      <Filter>qwadro\ux\va</Filter>
    </ClInclude>
    <ClInclude Include="..\..\inc\ux\hid\afxHid.h">
      <Filter>qwadro\ux\hid</Filter>
    </ClInclude>
    <ClInclude Include="..\..\inc\ux\hid\afxKeyboard.h">
      <Filter>qwadro\ux\hid</Filter>
    </ClInclude>
    <ClInclude Include="..\..\inc\ux\hid\afxMouse.h">
      <Filter>qwadro\ux\hid</Filter>
    </ClInclude>
    <ClInclude Include="..\..\inc\ux\hid\afxGamepad.h">
      <Filter>qwadro\ux\hid</Filter>
    </ClInclude>
    <ClInclude Include="..\..\src\ux\impl\auxImplementation.h">
      <Filter>qwadro\ux\impl</Filter>
    </ClInclude>
    <ClInclude Include="..\..\src\ux\impl\auxImpl_Shell.h">
      <Filter>qwadro\ux\impl</Filter>
    </ClInclude>
  </ItemGroup>
  <ItemGroup>
    <ResourceCompile Include="e2mmux.rc">
      <Filter>_dll</Filter>
    </ResourceCompile>
  </ItemGroup>
</Project>