<?xml version="1.0" encoding="utf-8"?>
<Project ToolsVersion="4.0" xmlns="http://schemas.microsoft.com/developer/msbuild/2003">
  <ItemGroup>
    <Filter Include="qwadro">
      <UniqueIdentifier>{e6ecb287-47f6-4d13-be4f-5191defecfbc}</UniqueIdentifier>
    </Filter>
    <Filter Include="_dll">
      <UniqueIdentifier>{37004e6e-1459-46e6-b3e3-44ba7270d08a}</UniqueIdentifier>
    </Filter>
    <Filter Include="qwadro\ux">
      <UniqueIdentifier>{4be41a32-e9be-4f31-b40f-df5202683b52}</UniqueIdentifier>
    </Filter>
    <Filter Include="qwadro\ux\_rmvd">
      <UniqueIdentifier>{e4fc26bc-892b-4b8e-b34a-b28c3ff5e707}</UniqueIdentifier>
    </Filter>
    <Filter Include="qwadro\dev">
      <UniqueIdentifier>{874ef619-d049-45e5-9275-8035cc0e34ce}</UniqueIdentifier>
    </Filter>
  </ItemGroup>
  <ItemGroup>
    <ClCompile Include="..\..\afx\ux\afxWidget.c">
      <Filter>qwadro\ux</Filter>
    </ClCompile>
    <ClCompile Include="..\..\afx\ux\afxGamepad.c">
      <Filter>qwadro\ux</Filter>
    </ClCompile>
    <ClCompile Include="..\..\afx\ux\afxWindow.c">
      <Filter>qwadro\ux</Filter>
    </ClCompile>
    <ClCompile Include="..\..\afx\ux\afxShell.c">
      <Filter>qwadro\ux</Filter>
    </ClCompile>
    <ClCompile Include="..\..\afx\ux\afxHid.c">
      <Filter>qwadro\ux</Filter>
    </ClCompile>
    <ClCompile Include="..\..\afx\ux\afxSession.c">
      <Filter>qwadro\ux</Filter>
    </ClCompile>
    <ClCompile Include="..\..\afx\ux\afxTerminal.c">
      <Filter>qwadro\ux</Filter>
    </ClCompile>
    <ClCompile Include="..\..\afx\ux\afxKeyboard.c">
      <Filter>qwadro\ux</Filter>
    </ClCompile>
    <ClCompile Include="..\..\afx\ux\afxMouse.c">
      <Filter>qwadro\ux</Filter>
    </ClCompile>
    <ClCompile Include="..\..\afx\ux\afxScript.c">
      <Filter>qwadro\ux\_rmvd</Filter>
    </ClCompile>
  </ItemGroup>
  <ItemGroup>
    <ClInclude Include="..\..\inc\ux\afxUxDefs.h">
      <Filter>qwadro\ux</Filter>
    </ClInclude>
    <ClInclude Include="..\..\inc\ux\afxWidget.h">
      <Filter>qwadro\ux</Filter>
    </ClInclude>
    <ClInclude Include="resource.h">
      <Filter>_dll</Filter>
    </ClInclude>
    <ClInclude Include="..\..\inc\ux\afxShell.h">
      <Filter>qwadro\ux</Filter>
    </ClInclude>
    <ClInclude Include="..\..\inc\ux\afxGamepad.h">
      <Filter>qwadro\ux</Filter>
    </ClInclude>
    <ClInclude Include="..\..\inc\ux\afxHid.h">
      <Filter>qwadro\ux</Filter>
    </ClInclude>
    <ClInclude Include="..\..\inc\ux\afxWindow.h">
      <Filter>qwadro\ux</Filter>
    </ClInclude>
    <ClInclude Include="..\..\inc\ux\afxSession.h">
      <Filter>qwadro\ux</Filter>
    </ClInclude>
    <ClInclude Include="..\..\inc\ux\afxTerminal.h">
      <Filter>qwadro\ux</Filter>
    </ClInclude>
    <ClInclude Include="..\..\inc\ux\afxKeyboard.h">
      <Filter>qwadro\ux</Filter>
    </ClInclude>
    <ClInclude Include="..\..\inc\ux\afxMouse.h">
      <Filter>qwadro\ux</Filter>
    </ClInclude>
    <ClInclude Include="..\..\inc\ux\afxScript.h">
      <Filter>qwadro\ux\_rmvd</Filter>
    </ClInclude>
    <ClInclude Include="..\..\afx\dev\AuxImplKit.h">
      <Filter>qwadro\dev</Filter>
    </ClInclude>
    <ClInclude Include="..\..\afx\dev\AuxShellImplKit.h">
      <Filter>qwadro\dev</Filter>
    </ClInclude>
  </ItemGroup>
  <ItemGroup>
    <ResourceCompile Include="e2mmux.rc">
      <Filter>_dll</Filter>
    </ResourceCompile>
  </ItemGroup>
</Project>