<?xml version="1.0" encoding="utf-8"?>
<Project ToolsVersion="4.0" xmlns="http://schemas.microsoft.com/developer/msbuild/2003">
  <ItemGroup>
    <Filter Include="qwadro">
      <UniqueIdentifier>{334cc892-f619-4b48-96b8-2d8997caec44}</UniqueIdentifier>
    </Filter>
    <Filter Include="qwadro\draw">
      <UniqueIdentifier>{e19f9e4a-6351-4324-89a4-985758e74729}</UniqueIdentifier>
    </Filter>
    <Filter Include="qwadro\draw\pipe">
      <UniqueIdentifier>{0ca6b178-9c8d-4d89-972d-6ed2123d2573}</UniqueIdentifier>
    </Filter>
    <Filter Include="qwadro\draw\io">
      <UniqueIdentifier>{744bf3d2-a0ce-4ec1-bc14-63223fd1dc4f}</UniqueIdentifier>
    </Filter>
    <Filter Include="qwadro\draw\imm">
      <UniqueIdentifier>{f0659f9e-4141-4d40-be9a-b190d04420be}</UniqueIdentifier>
    </Filter>
    <Filter Include="qwadro\draw\dev">
      <UniqueIdentifier>{dc73ed71-31f3-41e9-a4e3-a498ef19efcc}</UniqueIdentifier>
    </Filter>
    <Filter Include="_dll">
      <UniqueIdentifier>{69824dbb-b6b2-43db-9c39-51761f93644c}</UniqueIdentifier>
    </Filter>
    <Filter Include="qwadro\draw\math">
      <UniqueIdentifier>{3f437232-2df5-4826-8b40-6fef5a81e20d}</UniqueIdentifier>
    </Filter>
  </ItemGroup>
  <ItemGroup>
    <ClInclude Include="resource.h">
      <Filter>_dll</Filter>
    </ClInclude>
    <ClInclude Include="..\..\inc\qwadro\draw\afxDrawDefs.h">
      <Filter>qwadro\draw</Filter>
    </ClInclude>
    <ClInclude Include="..\..\inc\qwadro\draw\afxPixel.h">
      <Filter>qwadro\draw</Filter>
    </ClInclude>
    <ClInclude Include="..\..\inc\qwadro\draw\io\afxVertexStream.h">
      <Filter>qwadro\draw\io</Filter>
    </ClInclude>
    <ClInclude Include="..\..\inc\qwadro\draw\io\afxXsh.h">
      <Filter>qwadro\draw\io</Filter>
    </ClInclude>
    <ClInclude Include="..\..\inc\qwadro\draw\io\afxTxd.h">
      <Filter>qwadro\draw\io</Filter>
    </ClInclude>
    <ClInclude Include="..\..\inc\qwadro\draw\io\afxTarga.h">
      <Filter>qwadro\draw\io</Filter>
    </ClInclude>
    <ClInclude Include="..\..\inc\qwadro\draw\io\afxTypography.h">
      <Filter>qwadro\draw\io</Filter>
    </ClInclude>
    <ClInclude Include="..\..\inc\qwadro\draw\avxCmdb.h">
      <Filter>qwadro\draw</Filter>
    </ClInclude>
    <ClInclude Include="..\..\..\dep_\vgl\vgl.h">
      <Filter>qwadro\draw\imm</Filter>
    </ClInclude>
    <ClInclude Include="..\..\inc\qwadro\draw\imm\avxPaint.h">
      <Filter>qwadro\draw\imm</Filter>
    </ClInclude>
    <ClInclude Include="..\..\inc\qwadro\draw\pipe\avxRasterizer.h">
      <Filter>qwadro\draw\pipe</Filter>
    </ClInclude>
    <ClInclude Include="..\..\inc\qwadro\draw\pipe\avxSampler.h">
      <Filter>qwadro\draw\pipe</Filter>
    </ClInclude>
    <ClInclude Include="..\..\inc\qwadro\draw\pipe\avxVertexInput.h">
      <Filter>qwadro\draw\pipe</Filter>
    </ClInclude>
    <ClInclude Include="..\..\inc\qwadro\draw\pipe\avxLigature.h">
      <Filter>qwadro\draw\pipe</Filter>
    </ClInclude>
    <ClInclude Include="..\..\inc\qwadro\draw\pipe\avxPipeline.h">
      <Filter>qwadro\draw\pipe</Filter>
    </ClInclude>
    <ClInclude Include="..\..\inc\qwadro\draw\io\avxShaderBlueprint.h">
      <Filter>qwadro\draw\io</Filter>
    </ClInclude>
    <ClInclude Include="..\..\inc\qwadro\draw\pipe\avxCanvas.h">
      <Filter>qwadro\draw\pipe</Filter>
    </ClInclude>
    <ClInclude Include="..\..\inc\qwadro\draw\pipe\avxQueryPool.h">
      <Filter>qwadro\draw\pipe</Filter>
    </ClInclude>
    <ClInclude Include="..\..\inc\qwadro\draw\pipe\avxQueryOps.h">
      <Filter>qwadro\draw\pipe</Filter>
    </ClInclude>
    <ClInclude Include="..\..\inc\qwadro\draw\pipe\avxRasterOps.h">
      <Filter>qwadro\draw\pipe</Filter>
    </ClInclude>
    <ClInclude Include="..\..\inc\qwadro\draw\pipe\avxTransformationOps.h">
      <Filter>qwadro\draw\pipe</Filter>
    </ClInclude>
    <ClInclude Include="..\..\inc\qwadro\draw\pipe\avxDrawOps.h">
      <Filter>qwadro\draw\pipe</Filter>
    </ClInclude>
    <ClInclude Include="..\..\inc\qwadro\draw\pipe\avxBufferOps.h">
      <Filter>qwadro\draw\pipe</Filter>
    </ClInclude>
    <ClInclude Include="..\..\inc\qwadro\draw\pipe\avxRasterizationOps.h">
      <Filter>qwadro\draw\pipe</Filter>
    </ClInclude>
    <ClInclude Include="..\..\inc\qwadro\draw\avxCamera.h">
      <Filter>qwadro\draw</Filter>
    </ClInclude>
    <ClInclude Include="..\..\inc\qwadro\draw\math\avxColor.h">
      <Filter>qwadro\draw\math</Filter>
    </ClInclude>
    <ClInclude Include="..\..\inc\qwadro\draw\math\avxViewport.h">
      <Filter>qwadro\draw\math</Filter>
    </ClInclude>
    <ClInclude Include="..\..\inc\qwadro\draw\math\avxMatrix.h">
      <Filter>qwadro\draw\math</Filter>
    </ClInclude>
    <ClInclude Include="..\..\src\afx\draw\dev\AvxBaseDevKit.h">
      <Filter>qwadro\draw\dev</Filter>
    </ClInclude>
    <ClInclude Include="..\..\src\afx\draw\dev\AvxDeviceDevKit.h">
      <Filter>qwadro\draw\dev</Filter>
    </ClInclude>
    <ClInclude Include="..\..\src\afx\draw\dev\AvxDevKit.h">
      <Filter>qwadro\draw\dev</Filter>
    </ClInclude>
    <ClInclude Include="..\..\inc\qwadro\draw\dev\afxDrawBridge.h">
      <Filter>qwadro\draw\dev</Filter>
    </ClInclude>
    <ClInclude Include="..\..\inc\qwadro\draw\dev\afxDrawDevice.h">
      <Filter>qwadro\draw\dev</Filter>
    </ClInclude>
    <ClInclude Include="..\..\inc\qwadro\draw\dev\afxDrawContext.h">
      <Filter>qwadro\draw\dev</Filter>
    </ClInclude>
    <ClInclude Include="..\..\inc\qwadro\draw\dev\afxDrawOutput.h">
      <Filter>qwadro\draw\dev</Filter>
    </ClInclude>
    <ClInclude Include="..\..\inc\qwadro\draw\dev\afxDrawInput.h">
      <Filter>qwadro\draw\dev</Filter>
    </ClInclude>
    <ClInclude Include="..\..\inc\qwadro\draw\afxRaster.h">
      <Filter>qwadro\draw</Filter>
    </ClInclude>
    <ClInclude Include="..\..\inc\qwadro\draw\avxShader.h">
      <Filter>qwadro\draw</Filter>
    </ClInclude>
    <ClInclude Include="..\..\inc\qwadro\draw\afxBuffer.h">
      <Filter>qwadro\draw</Filter>
    </ClInclude>
    <ClInclude Include="..\..\inc\qwadro\draw\afxUnivideo.h">
      <Filter>qwadro\draw</Filter>
    </ClInclude>
    <ClInclude Include="..\..\inc\qwadro\draw\io\afxDrawTechnique.h">
      <Filter>qwadro\draw\io</Filter>
    </ClInclude>
  </ItemGroup>
  <ItemGroup>
    <ResourceCompile Include="e2draw.rc">
      <Filter>_dll</Filter>
    </ResourceCompile>
  </ItemGroup>
  <ItemGroup>
    <ClCompile Include="..\..\src\afx\draw\afxDrawDefs.c">
      <Filter>qwadro\draw</Filter>
    </ClCompile>
    <ClCompile Include="..\..\src\afx\draw\afxPixel.c">
      <Filter>qwadro\draw</Filter>
    </ClCompile>
    <ClCompile Include="..\..\src\afx\draw\io\afxTarga.c">
      <Filter>qwadro\draw\io</Filter>
    </ClCompile>
    <ClCompile Include="..\..\src\afx\draw\io\afxVertexStream.c">
      <Filter>qwadro\draw\io</Filter>
    </ClCompile>
    <ClCompile Include="..\..\src\afx\draw\io\afxXsh.c">
      <Filter>qwadro\draw\io</Filter>
    </ClCompile>
    <ClCompile Include="..\..\src\afx\draw\io\afxTxd.c">
      <Filter>qwadro\draw\io</Filter>
    </ClCompile>
    <ClCompile Include="..\..\src\afx\draw\io\afxTypography.c">
      <Filter>qwadro\draw\io</Filter>
    </ClCompile>
    <ClCompile Include="..\..\src\afx\draw\avxCmdb.c">
      <Filter>qwadro\draw</Filter>
    </ClCompile>
    <ClCompile Include="..\..\..\dep_\vgl\vgl.c">
      <Filter>qwadro\draw\imm</Filter>
    </ClCompile>
    <ClCompile Include="..\..\src\afx\draw\imm\avxPaint.c">
      <Filter>qwadro\draw\imm</Filter>
    </ClCompile>
    <ClCompile Include="..\..\src\afx\draw\pipe\avxRasterizer.c">
      <Filter>qwadro\draw\pipe</Filter>
    </ClCompile>
    <ClCompile Include="..\..\src\afx\draw\pipe\avxSampler.c">
      <Filter>qwadro\draw\pipe</Filter>
    </ClCompile>
    <ClCompile Include="..\..\src\afx\draw\pipe\avxVertexInput.c">
      <Filter>qwadro\draw\pipe</Filter>
    </ClCompile>
    <ClCompile Include="..\..\src\afx\draw\pipe\avxLigature.c">
      <Filter>qwadro\draw\pipe</Filter>
    </ClCompile>
    <ClCompile Include="..\..\src\afx\draw\pipe\avxPipeline.c">
      <Filter>qwadro\draw\pipe</Filter>
    </ClCompile>
    <ClCompile Include="..\..\src\afx\draw\pipe\avxCanvas.c">
      <Filter>qwadro\draw\pipe</Filter>
    </ClCompile>
    <ClCompile Include="..\..\src\afx\draw\pipe\avxQueryPool.c">
      <Filter>qwadro\draw\pipe</Filter>
    </ClCompile>
    <ClCompile Include="..\..\src\afx\draw\pipe\avxQueryOps.c">
      <Filter>qwadro\draw\pipe</Filter>
    </ClCompile>
    <ClCompile Include="..\..\src\afx\draw\pipe\avxRasterOps.c">
      <Filter>qwadro\draw\pipe</Filter>
    </ClCompile>
    <ClCompile Include="..\..\src\afx\draw\pipe\avxTransformationOps.c">
      <Filter>qwadro\draw\pipe</Filter>
    </ClCompile>
    <ClCompile Include="..\..\src\afx\draw\pipe\avxDrawOps.c">
      <Filter>qwadro\draw\pipe</Filter>
    </ClCompile>
    <ClCompile Include="..\..\src\afx\draw\pipe\avxBufferOps.c">
      <Filter>qwadro\draw\pipe</Filter>
    </ClCompile>
    <ClCompile Include="..\..\src\afx\draw\pipe\avxRasterizationOps.c">
      <Filter>qwadro\draw\pipe</Filter>
    </ClCompile>
    <ClCompile Include="..\..\src\afx\draw\avxCamera.c">
      <Filter>qwadro\draw</Filter>
    </ClCompile>
    <ClCompile Include="..\..\src\afx\draw\math\avxColor.c">
      <Filter>qwadro\draw\math</Filter>
    </ClCompile>
    <ClCompile Include="..\..\src\afx\draw\math\avxViewport.c">
      <Filter>qwadro\draw\math</Filter>
    </ClCompile>
    <ClCompile Include="..\..\src\afx\draw\math\avxMatrix.c">
      <Filter>qwadro\draw\math</Filter>
    </ClCompile>
    <ClCompile Include="..\..\src\afx\draw\dev\afxDrawBridge.c">
      <Filter>qwadro\draw\dev</Filter>
    </ClCompile>
    <ClCompile Include="..\..\src\afx\draw\dev\afxDrawDevice.c">
      <Filter>qwadro\draw\dev</Filter>
    </ClCompile>
    <ClCompile Include="..\..\src\afx\draw\dev\afxDrawContext.c">
      <Filter>qwadro\draw\dev</Filter>
    </ClCompile>
    <ClCompile Include="..\..\src\afx\draw\dev\afxDrawOutput.c">
      <Filter>qwadro\draw\dev</Filter>
    </ClCompile>
    <ClCompile Include="..\..\src\afx\draw\dev\afxDrawSystem.c">
      <Filter>qwadro\draw\dev</Filter>
    </ClCompile>
    <ClCompile Include="..\..\src\afx\draw\dev\afxDrawInput.c">
      <Filter>qwadro\draw\dev</Filter>
    </ClCompile>
    <ClCompile Include="..\..\src\afx\draw\avxShader.c">
      <Filter>qwadro\draw</Filter>
    </ClCompile>
    <ClCompile Include="..\..\src\afx\draw\afxBuffer.c">
      <Filter>qwadro\draw</Filter>
    </ClCompile>
    <ClCompile Include="..\..\src\afx\draw\afxRaster.c">
      <Filter>qwadro\draw</Filter>
    </ClCompile>
    <ClCompile Include="..\..\src\afx\draw\io\afxDrawTechnique.c">
      <Filter>qwadro\draw\io</Filter>
    </ClCompile>
  </ItemGroup>
</Project>