<?xml version="1.0" encoding="utf-8"?>
<Project ToolsVersion="4.0" xmlns="http://schemas.microsoft.com/developer/msbuild/2003">
  <ItemGroup>
    <Filter Include="qwadro">
      <UniqueIdentifier>{334cc892-f619-4b48-96b8-2d8997caec44}</UniqueIdentifier>
    </Filter>
    <Filter Include="qwadro\draw">
      <UniqueIdentifier>{e19f9e4a-6351-4324-89a4-985758e74729}</UniqueIdentifier>
    </Filter>
    <Filter Include="qwadro\draw\pipe">
      <UniqueIdentifier>{0ca6b178-9c8d-4d89-972d-6ed2123d2573}</UniqueIdentifier>
    </Filter>
    <Filter Include="qwadro\draw\io">
      <UniqueIdentifier>{744bf3d2-a0ce-4ec1-bc14-63223fd1dc4f}</UniqueIdentifier>
    </Filter>
    <Filter Include="_dll">
      <UniqueIdentifier>{69824dbb-b6b2-43db-9c39-51761f93644c}</UniqueIdentifier>
    </Filter>
    <Filter Include="qwadro\math">
      <UniqueIdentifier>{3f437232-2df5-4826-8b40-6fef5a81e20d}</UniqueIdentifier>
    </Filter>
    <Filter Include="qwadro\draw\op">
      <UniqueIdentifier>{354e39df-b0b7-4d1d-a179-1cc186e722a2}</UniqueIdentifier>
    </Filter>
    <Filter Include="qwadro\draw\kit">
      <UniqueIdentifier>{5332bc38-6fb2-45fa-8de2-108a88214515}</UniqueIdentifier>
    </Filter>
    <Filter Include="qwadro\draw\impl">
      <UniqueIdentifier>{44ee3fe7-0d42-46b4-a96a-d5047a3db79a}</UniqueIdentifier>
    </Filter>
  </ItemGroup>
  <ItemGroup>
    <ClInclude Include="resource.h">
      <Filter>_dll</Filter>
    </ClInclude>
    <ClInclude Include="..\..\inc\draw\io\afxVertexStream.h">
      <Filter>qwadro\draw\io</Filter>
    </ClInclude>
    <ClInclude Include="..\..\inc\draw\io\afxTarga.h">
      <Filter>qwadro\draw\io</Filter>
    </ClInclude>
    <ClInclude Include="..\..\inc\draw\pipe\avxSampler.h">
      <Filter>qwadro\draw\pipe</Filter>
    </ClInclude>
    <ClInclude Include="..\..\inc\draw\pipe\avxLigature.h">
      <Filter>qwadro\draw\pipe</Filter>
    </ClInclude>
    <ClInclude Include="..\..\inc\draw\pipe\avxPipeline.h">
      <Filter>qwadro\draw\pipe</Filter>
    </ClInclude>
    <ClInclude Include="..\..\inc\draw\pipe\avxCanvas.h">
      <Filter>qwadro\draw\pipe</Filter>
    </ClInclude>
    <ClInclude Include="..\..\inc\draw\pipe\avxQueryPool.h">
      <Filter>qwadro\draw\pipe</Filter>
    </ClInclude>
    <ClInclude Include="..\..\inc\draw\pipe\avxShader.h">
      <Filter>qwadro\draw\pipe</Filter>
    </ClInclude>
    <ClInclude Include="..\..\inc\math\afxColor.h">
      <Filter>qwadro\math</Filter>
    </ClInclude>
    <ClInclude Include="..\..\inc\math\afxViewport.h">
      <Filter>qwadro\math</Filter>
    </ClInclude>
    <ClInclude Include="..\..\inc\math\avxMatrix.h">
      <Filter>qwadro\math</Filter>
    </ClInclude>
    <ClInclude Include="..\..\inc\draw\io\afxBuffer.h">
      <Filter>qwadro\draw\io</Filter>
    </ClInclude>
    <ClInclude Include="..\..\inc\draw\io\afxRaster.h">
      <Filter>qwadro\draw\io</Filter>
    </ClInclude>
    <ClInclude Include="..\..\inc\draw\op\avxRasterOps.h">
      <Filter>qwadro\draw\op</Filter>
    </ClInclude>
    <ClInclude Include="..\..\inc\draw\op\avxBufferOps.h">
      <Filter>qwadro\draw\op</Filter>
    </ClInclude>
    <ClInclude Include="..\..\inc\draw\op\avxDrawOps.h">
      <Filter>qwadro\draw\op</Filter>
    </ClInclude>
    <ClInclude Include="..\..\inc\draw\op\avxQueryOps.h">
      <Filter>qwadro\draw\op</Filter>
    </ClInclude>
    <ClInclude Include="..\..\inc\draw\op\avxRasterizationOps.h">
      <Filter>qwadro\draw\op</Filter>
    </ClInclude>
    <ClInclude Include="..\..\inc\draw\afxDrawBridge.h">
      <Filter>qwadro\draw</Filter>
    </ClInclude>
    <ClInclude Include="..\..\inc\draw\afxDrawSystem.h">
      <Filter>qwadro\draw</Filter>
    </ClInclude>
    <ClInclude Include="..\..\inc\draw\afxDrawDefs.h">
      <Filter>qwadro\draw</Filter>
    </ClInclude>
    <ClInclude Include="..\..\inc\draw\afxDrawDevice.h">
      <Filter>qwadro\draw</Filter>
    </ClInclude>
    <ClInclude Include="..\..\inc\draw\kit\afxMesh.h">
      <Filter>qwadro\draw\kit</Filter>
    </ClInclude>
    <ClInclude Include="..\..\inc\draw\kit\afxScene.h">
      <Filter>qwadro\draw\kit</Filter>
    </ClInclude>
    <ClInclude Include="..\..\inc\draw\kit\afxTriangulation.h">
      <Filter>qwadro\draw\kit</Filter>
    </ClInclude>
    <ClInclude Include="..\..\inc\draw\kit\afxTxd.h">
      <Filter>qwadro\draw\kit</Filter>
    </ClInclude>
    <ClInclude Include="..\..\inc\draw\kit\afxCamera.h">
      <Filter>qwadro\draw\kit</Filter>
    </ClInclude>
    <ClInclude Include="..\..\inc\draw\kit\afxDrawTechnique.h">
      <Filter>qwadro\draw\kit</Filter>
    </ClInclude>
    <ClInclude Include="..\..\src\draw\impl\avxImplementation.h">
      <Filter>qwadro\draw\impl</Filter>
    </ClInclude>
    <ClInclude Include="..\..\src\draw\impl\avxImpl_System.h">
      <Filter>qwadro\draw\impl</Filter>
    </ClInclude>
    <ClInclude Include="..\..\src\draw\impl\avxImpl_Executor.h">
      <Filter>qwadro\draw\impl</Filter>
    </ClInclude>
    <ClInclude Include="..\..\src\draw\impl\avxImpl_Context.h">
      <Filter>qwadro\draw\impl</Filter>
    </ClInclude>
    <ClInclude Include="..\..\src\draw\impl\avxImpl_Pipeline.h">
      <Filter>qwadro\draw\impl</Filter>
    </ClInclude>
    <ClInclude Include="..\..\src\draw\impl\avxImpl_Video.h">
      <Filter>qwadro\draw\impl</Filter>
    </ClInclude>
    <ClInclude Include="..\..\src\draw\impl\avxImpl_Input.h">
      <Filter>qwadro\draw\impl</Filter>
    </ClInclude>
    <ClInclude Include="..\..\src\draw\impl\avxImpl_Output.h">
      <Filter>qwadro\draw\impl</Filter>
    </ClInclude>
    <ClInclude Include="..\..\inc\draw\io\afxPixel.h">
      <Filter>qwadro\draw\io</Filter>
    </ClInclude>
    <ClInclude Include="..\..\inc\draw\op\afxDrawContext.h">
      <Filter>qwadro\draw\op</Filter>
    </ClInclude>
    <ClInclude Include="..\..\inc\draw\pipe\avxVertexDecl.h">
      <Filter>qwadro\draw\pipe</Filter>
    </ClInclude>
    <ClInclude Include="..\..\inc\draw\op\afxDrawOutput.h">
      <Filter>qwadro\draw\op</Filter>
    </ClInclude>
    <ClInclude Include="..\..\inc\draw\op\afxDrawInput.h">
      <Filter>qwadro\draw\op</Filter>
    </ClInclude>
    <ClInclude Include="..\..\inc\draw\op\avxPrimitiveOutputOps.h">
      <Filter>qwadro\draw\op</Filter>
    </ClInclude>
    <ClInclude Include="..\..\inc\draw\op\avxTransformOps.h">
      <Filter>qwadro\draw\op</Filter>
    </ClInclude>
  </ItemGroup>
  <ItemGroup>
    <ResourceCompile Include="e2draw.rc">
      <Filter>_dll</Filter>
    </ResourceCompile>
  </ItemGroup>
  <ItemGroup>
    <ClCompile Include="..\..\src\draw\io\afxTarga.c">
      <Filter>qwadro\draw\io</Filter>
    </ClCompile>
    <ClCompile Include="..\..\src\draw\io\afxVertexStream.c">
      <Filter>qwadro\draw\io</Filter>
    </ClCompile>
    <ClCompile Include="..\..\src\draw\io\afxXsh.c">
      <Filter>qwadro\draw\io</Filter>
    </ClCompile>
    <ClCompile Include="..\..\src\draw\pipe\avxSampler.c">
      <Filter>qwadro\draw\pipe</Filter>
    </ClCompile>
    <ClCompile Include="..\..\src\draw\pipe\avxLigature.c">
      <Filter>qwadro\draw\pipe</Filter>
    </ClCompile>
    <ClCompile Include="..\..\src\draw\pipe\avxPipeline.c">
      <Filter>qwadro\draw\pipe</Filter>
    </ClCompile>
    <ClCompile Include="..\..\src\draw\pipe\avxCanvas.c">
      <Filter>qwadro\draw\pipe</Filter>
    </ClCompile>
    <ClCompile Include="..\..\src\draw\pipe\avxQueryPool.c">
      <Filter>qwadro\draw\pipe</Filter>
    </ClCompile>
    <ClCompile Include="..\..\src\draw\pipe\avxShader.c">
      <Filter>qwadro\draw\pipe</Filter>
    </ClCompile>
    <ClCompile Include="..\..\src\math\afxColor.c">
      <Filter>qwadro\math</Filter>
    </ClCompile>
    <ClCompile Include="..\..\src\math\afxViewport.c">
      <Filter>qwadro\math</Filter>
    </ClCompile>
    <ClCompile Include="..\..\src\math\avxMatrix.c">
      <Filter>qwadro\math</Filter>
    </ClCompile>
    <ClCompile Include="..\..\src\draw\io\afxBuffer.c">
      <Filter>qwadro\draw\io</Filter>
    </ClCompile>
    <ClCompile Include="..\..\src\draw\io\afxRaster.c">
      <Filter>qwadro\draw\io</Filter>
    </ClCompile>
    <ClCompile Include="..\..\src\draw\io\afxTexelBlockCompression.c">
      <Filter>qwadro\draw\io</Filter>
    </ClCompile>
    <ClCompile Include="..\..\src\draw\op\avxQueryOps.c">
      <Filter>qwadro\draw\op</Filter>
    </ClCompile>
    <ClCompile Include="..\..\src\draw\op\avxRasterizationOps.c">
      <Filter>qwadro\draw\op</Filter>
    </ClCompile>
    <ClCompile Include="..\..\src\draw\op\avxRasterOps.c">
      <Filter>qwadro\draw\op</Filter>
    </ClCompile>
    <ClCompile Include="..\..\src\draw\op\avxBufferOps.c">
      <Filter>qwadro\draw\op</Filter>
    </ClCompile>
    <ClCompile Include="..\..\src\draw\op\avxDrawOps.c">
      <Filter>qwadro\draw\op</Filter>
    </ClCompile>
    <ClCompile Include="..\..\src\draw\afxDrawBridge.c">
      <Filter>qwadro\draw</Filter>
    </ClCompile>
    <ClCompile Include="..\..\src\draw\afxDrawSystem.c">
      <Filter>qwadro\draw</Filter>
    </ClCompile>
    <ClCompile Include="..\..\src\draw\afxDrawDefs.c">
      <Filter>qwadro\draw</Filter>
    </ClCompile>
    <ClCompile Include="..\..\src\draw\afxDrawDevice.c">
      <Filter>qwadro\draw</Filter>
    </ClCompile>
    <ClCompile Include="..\..\src\draw\kit\afxMesh.c">
      <Filter>qwadro\draw\kit</Filter>
    </ClCompile>
    <ClCompile Include="..\..\src\draw\kit\afxScene.c">
      <Filter>qwadro\draw\kit</Filter>
    </ClCompile>
    <ClCompile Include="..\..\src\draw\kit\afxTriangulation.c">
      <Filter>qwadro\draw\kit</Filter>
    </ClCompile>
    <ClCompile Include="..\..\src\draw\kit\afxTxd.c">
      <Filter>qwadro\draw\kit</Filter>
    </ClCompile>
    <ClCompile Include="..\..\src\draw\kit\afxCamera.c">
      <Filter>qwadro\draw\kit</Filter>
    </ClCompile>
    <ClCompile Include="..\..\src\draw\kit\afxDrawTechnique.c">
      <Filter>qwadro\draw\kit</Filter>
    </ClCompile>
    <ClCompile Include="..\..\src\draw\kit\afxMeshBufferization.c">
      <Filter>qwadro\draw\kit</Filter>
    </ClCompile>
    <ClCompile Include="..\..\src\draw\impl\avxImpl_Executor.c">
      <Filter>qwadro\draw\impl</Filter>
    </ClCompile>
    <ClCompile Include="..\..\src\draw\impl\avxImpl_Context.c">
      <Filter>qwadro\draw\impl</Filter>
    </ClCompile>
    <ClCompile Include="..\..\src\draw\impl\avxImpl_Output.c">
      <Filter>qwadro\draw\impl</Filter>
    </ClCompile>
    <ClCompile Include="..\..\src\draw\io\afxPixel.c">
      <Filter>qwadro\draw\io</Filter>
    </ClCompile>
    <ClCompile Include="..\..\src\draw\op\afxDrawQueue.c">
      <Filter>qwadro\draw\op</Filter>
    </ClCompile>
    <ClCompile Include="..\..\src\draw\op\afxDrawContext.c">
      <Filter>qwadro\draw\op</Filter>
    </ClCompile>
    <ClCompile Include="..\..\src\draw\pipe\avxVertexDecl.c">
      <Filter>qwadro\draw\pipe</Filter>
    </ClCompile>
    <ClCompile Include="..\..\src\draw\impl\avxImplementation.c">
      <Filter>qwadro\draw\impl</Filter>
    </ClCompile>
    <ClCompile Include="..\..\src\draw\op\afxDrawInput.c">
      <Filter>qwadro\draw\op</Filter>
    </ClCompile>
    <ClCompile Include="..\..\src\draw\op\afxDrawOutput.c">
      <Filter>qwadro\draw\op</Filter>
    </ClCompile>
    <ClCompile Include="..\..\src\draw\op\avxTransformOps.c">
      <Filter>qwadro\draw\op</Filter>
    </ClCompile>
  </ItemGroup>
</Project>