<?xml version="1.0" encoding="utf-8"?>
<Project ToolsVersion="4.0" xmlns="http://schemas.microsoft.com/developer/msbuild/2003">
  <ItemGroup>
    <Filter Include="techid">
      <UniqueIdentifier>{003959cc-8184-4c5f-8ad0-75685a0917fc}</UniqueIdentifier>
    </Filter>
  </ItemGroup>
  <ItemGroup>
    <ClCompile Include="..\..\src\techid\afxIdTech.c">
      <Filter>techid</Filter>
    </ClCompile>
    <ClCompile Include="..\..\src\techid\afxMD5Model.c">
      <Filter>techid</Filter>
    </ClCompile>
    <ClCompile Include="..\..\src\techid\afxRoqVideo.c">
      <Filter>techid</Filter>
    </ClCompile>
  </ItemGroup>
  <ItemGroup>
    <ClInclude Include="..\..\src\techid\afxMD5Model.h">
      <Filter>techid</Filter>
    </ClInclude>
    <ClInclude Include="..\..\src\techid\afxRoqVideo.h">
      <Filter>techid</Filter>
    </ClInclude>
  </ItemGroup>
</Project>
