
Microsoft Visual Studio Solution File, Format Version 12.00
# Visual Studio 15
VisualStudioVersion = 15.0.33423.255
MinimumVisualStudioVersion = 10.0.40219.1
Project("{8BC9CEB8-8B4A-11D0-8D11-00A0C91BC942}") = "e2coree", "e2coree\e2coree.vcxproj", "{973A60FF-EA6C-4D62-A302-BF610CABAB8C}"
EndProject
Project("{8BC9CEB8-8B4A-11D0-8D11-00A0C91BC942}") = "e2targa", "e2targa\e2targa.vcxproj", "{2D93C9E6-A8BD-40E6-8FFE-CD15319B0241}"
EndProject
Project("{8BC9CEB8-8B4A-11D0-8D11-00A0C91BC942}") = "e2synerg", "e2synerg\e2synerg.vcxproj", "{0F78F3C8-D287-4A15-A69B-208B85C038F4}"
EndProject
Project("{8BC9CEB8-8B4A-11D0-8D11-00A0C91BC942}") = "e2mixva", "e2mixva\e2mixva.vcxproj", "{1685D511-3934-4F31-B8A3-AFA740F612B3}"
EndProject
Project("{8BC9CEB8-8B4A-11D0-8D11-00A0C91BC942}") = "e2mmux", "e2mmux\e2mmux.vcxproj", "{B86A5B24-69EF-42AD-86D9-E3AC4405A9CE}"
EndProject
Project("{8BC9CEB8-8B4A-11D0-8D11-00A0C91BC942}") = "e2engine", "e2engine\e2engine.vcxproj", "{6E713839-F608-4BAF-8E91-CC36FB71C93A}"
EndProject
Project("{2150E333-8FDC-42A3-9474-1A3956D46DE8}") = "icd", "icd", "{15C329EC-7E1C-41DC-BF03-E2AED454DF44}"
EndProject
Project("{2150E333-8FDC-42A3-9474-1A3956D46DE8}") = "afx", "afx", "{CAA2B742-D7B9-41DC-9C61-880208C7F968}"
EndProject
Project("{2150E333-8FDC-42A3-9474-1A3956D46DE8}") = "demo", "demo", "{3DE6B0AA-BD89-4BAD-896F-78B0AA48AC09}"
EndProject
Project("{8BC9CEB8-8B4A-11D0-8D11-00A0C91BC942}") = "amiga", "..\..\icd_amiga\_vs17\amiga\amiga.vcxproj", "{8F03FE4A-AA74-4CFD-A703-C3460E7FA54F}"
EndProject
Project("{8BC9CEB8-8B4A-11D0-8D11-00A0C91BC942}") = "catalyst", "..\..\icd_catalyst\_vs17\catalyst\catalyst.vcxproj", "{5BE5157A-41F1-4142-8DED-FD662FB9909A}"
EndProject
Project("{8BC9CEB8-8B4A-11D0-8D11-00A0C91BC942}") = "tarzgl4", "..\..\icd_tarzgl4\_vs17\tarzgl4\tarzgl4.vcxproj", "{1BAFD2AD-9548-4FA9-B268-6AFE5087845D}"
EndProject
Project("{8BC9CEB8-8B4A-11D0-8D11-00A0C91BC942}") = "wshell4d", "..\..\icd_wshell4d\_vs17\wshell4d\wshell4d.vcxproj", "{DE71D516-D811-49F6-8C15-D99975C40801}"
EndProject
Project("{8BC9CEB8-8B4A-11D0-8D11-00A0C91BC942}") = "helloWindow", "..\..\qwadro\examples\helloWindow\helloWindow.vcxproj", "{F101E0B4-7314-4108-A666-6352B694D7DA}"
EndProject
Project("{8BC9CEB8-8B4A-11D0-8D11-00A0C91BC942}") = "multipleWindows", "..\..\qwadro\examples\multipleWindows\multipleWindows.vcxproj", "{A91A007A-6824-46F5-8BAF-B85788165210}"
EndProject
Project("{8BC9CEB8-8B4A-11D0-8D11-00A0C91BC942}") = "skybox", "..\..\qwadro\examples\skybox\skybox.vcxproj", "{46C3A848-DF97-4788-8F6B-44B651346880}"
EndProject
Global
	GlobalSection(SolutionConfigurationPlatforms) = preSolution
		Debug|x64 = Debug|x64
		Debug|x86 = Debug|x86
		Release|x64 = Release|x64
		Release|x86 = Release|x86
	EndGlobalSection
	GlobalSection(ProjectConfigurationPlatforms) = postSolution
		{973A60FF-EA6C-4D62-A302-BF610CABAB8C}.Debug|x64.ActiveCfg = Debug|x64
		{973A60FF-EA6C-4D62-A302-BF610CABAB8C}.Debug|x64.Build.0 = Debug|x64
		{973A60FF-EA6C-4D62-A302-BF610CABAB8C}.Debug|x86.ActiveCfg = Debug|Win32
		{973A60FF-EA6C-4D62-A302-BF610CABAB8C}.Debug|x86.Build.0 = Debug|Win32
		{973A60FF-EA6C-4D62-A302-BF610CABAB8C}.Release|x64.ActiveCfg = Release|x64
		{973A60FF-EA6C-4D62-A302-BF610CABAB8C}.Release|x64.Build.0 = Release|x64
		{973A60FF-EA6C-4D62-A302-BF610CABAB8C}.Release|x86.ActiveCfg = Release|Win32
		{973A60FF-EA6C-4D62-A302-BF610CABAB8C}.Release|x86.Build.0 = Release|Win32
		{2D93C9E6-A8BD-40E6-8FFE-CD15319B0241}.Debug|x64.ActiveCfg = Debug|x64
		{2D93C9E6-A8BD-40E6-8FFE-CD15319B0241}.Debug|x64.Build.0 = Debug|x64
		{2D93C9E6-A8BD-40E6-8FFE-CD15319B0241}.Debug|x86.ActiveCfg = Debug|Win32
		{2D93C9E6-A8BD-40E6-8FFE-CD15319B0241}.Debug|x86.Build.0 = Debug|Win32
		{2D93C9E6-A8BD-40E6-8FFE-CD15319B0241}.Release|x64.ActiveCfg = Release|x64
		{2D93C9E6-A8BD-40E6-8FFE-CD15319B0241}.Release|x64.Build.0 = Release|x64
		{2D93C9E6-A8BD-40E6-8FFE-CD15319B0241}.Release|x86.ActiveCfg = Release|Win32
		{2D93C9E6-A8BD-40E6-8FFE-CD15319B0241}.Release|x86.Build.0 = Release|Win32
		{0F78F3C8-D287-4A15-A69B-208B85C038F4}.Debug|x64.ActiveCfg = Debug|x64
		{0F78F3C8-D287-4A15-A69B-208B85C038F4}.Debug|x64.Build.0 = Debug|x64
		{0F78F3C8-D287-4A15-A69B-208B85C038F4}.Debug|x86.ActiveCfg = Debug|Win32
		{0F78F3C8-D287-4A15-A69B-208B85C038F4}.Debug|x86.Build.0 = Debug|Win32
		{0F78F3C8-D287-4A15-A69B-208B85C038F4}.Release|x64.ActiveCfg = Release|x64
		{0F78F3C8-D287-4A15-A69B-208B85C038F4}.Release|x64.Build.0 = Release|x64
		{0F78F3C8-D287-4A15-A69B-208B85C038F4}.Release|x86.ActiveCfg = Release|Win32
		{0F78F3C8-D287-4A15-A69B-208B85C038F4}.Release|x86.Build.0 = Release|Win32
		{1685D511-3934-4F31-B8A3-AFA740F612B3}.Debug|x64.ActiveCfg = Debug|x64
		{1685D511-3934-4F31-B8A3-AFA740F612B3}.Debug|x64.Build.0 = Debug|x64
		{1685D511-3934-4F31-B8A3-AFA740F612B3}.Debug|x86.ActiveCfg = Debug|Win32
		{1685D511-3934-4F31-B8A3-AFA740F612B3}.Debug|x86.Build.0 = Debug|Win32
		{1685D511-3934-4F31-B8A3-AFA740F612B3}.Release|x64.ActiveCfg = Release|x64
		{1685D511-3934-4F31-B8A3-AFA740F612B3}.Release|x64.Build.0 = Release|x64
		{1685D511-3934-4F31-B8A3-AFA740F612B3}.Release|x86.ActiveCfg = Release|Win32
		{1685D511-3934-4F31-B8A3-AFA740F612B3}.Release|x86.Build.0 = Release|Win32
		{B86A5B24-69EF-42AD-86D9-E3AC4405A9CE}.Debug|x64.ActiveCfg = Debug|x64
		{B86A5B24-69EF-42AD-86D9-E3AC4405A9CE}.Debug|x64.Build.0 = Debug|x64
		{B86A5B24-69EF-42AD-86D9-E3AC4405A9CE}.Debug|x86.ActiveCfg = Debug|Win32
		{B86A5B24-69EF-42AD-86D9-E3AC4405A9CE}.Debug|x86.Build.0 = Debug|Win32
		{B86A5B24-69EF-42AD-86D9-E3AC4405A9CE}.Release|x64.ActiveCfg = Release|x64
		{B86A5B24-69EF-42AD-86D9-E3AC4405A9CE}.Release|x64.Build.0 = Release|x64
		{B86A5B24-69EF-42AD-86D9-E3AC4405A9CE}.Release|x86.ActiveCfg = Release|Win32
		{B86A5B24-69EF-42AD-86D9-E3AC4405A9CE}.Release|x86.Build.0 = Release|Win32
		{6E713839-F608-4BAF-8E91-CC36FB71C93A}.Debug|x64.ActiveCfg = Debug|x64
		{6E713839-F608-4BAF-8E91-CC36FB71C93A}.Debug|x64.Build.0 = Debug|x64
		{6E713839-F608-4BAF-8E91-CC36FB71C93A}.Debug|x86.ActiveCfg = Debug|Win32
		{6E713839-F608-4BAF-8E91-CC36FB71C93A}.Debug|x86.Build.0 = Debug|Win32
		{6E713839-F608-4BAF-8E91-CC36FB71C93A}.Release|x64.ActiveCfg = Release|x64
		{6E713839-F608-4BAF-8E91-CC36FB71C93A}.Release|x64.Build.0 = Release|x64
		{6E713839-F608-4BAF-8E91-CC36FB71C93A}.Release|x86.ActiveCfg = Release|Win32
		{6E713839-F608-4BAF-8E91-CC36FB71C93A}.Release|x86.Build.0 = Release|Win32
		{8F03FE4A-AA74-4CFD-A703-C3460E7FA54F}.Debug|x64.ActiveCfg = Debug|x64
		{8F03FE4A-AA74-4CFD-A703-C3460E7FA54F}.Debug|x64.Build.0 = Debug|x64
		{8F03FE4A-AA74-4CFD-A703-C3460E7FA54F}.Debug|x86.ActiveCfg = Debug|Win32
		{8F03FE4A-AA74-4CFD-A703-C3460E7FA54F}.Debug|x86.Build.0 = Debug|Win32
		{8F03FE4A-AA74-4CFD-A703-C3460E7FA54F}.Release|x64.ActiveCfg = Release|x64
		{8F03FE4A-AA74-4CFD-A703-C3460E7FA54F}.Release|x64.Build.0 = Release|x64
		{8F03FE4A-AA74-4CFD-A703-C3460E7FA54F}.Release|x86.ActiveCfg = Release|Win32
		{8F03FE4A-AA74-4CFD-A703-C3460E7FA54F}.Release|x86.Build.0 = Release|Win32
		{5BE5157A-41F1-4142-8DED-FD662FB9909A}.Debug|x64.ActiveCfg = Debug|x64
		{5BE5157A-41F1-4142-8DED-FD662FB9909A}.Debug|x64.Build.0 = Debug|x64
		{5BE5157A-41F1-4142-8DED-FD662FB9909A}.Debug|x86.ActiveCfg = Debug|Win32
		{5BE5157A-41F1-4142-8DED-FD662FB9909A}.Debug|x86.Build.0 = Debug|Win32
		{5BE5157A-41F1-4142-8DED-FD662FB9909A}.Release|x64.ActiveCfg = Release|x64
		{5BE5157A-41F1-4142-8DED-FD662FB9909A}.Release|x64.Build.0 = Release|x64
		{5BE5157A-41F1-4142-8DED-FD662FB9909A}.Release|x86.ActiveCfg = Release|Win32
		{5BE5157A-41F1-4142-8DED-FD662FB9909A}.Release|x86.Build.0 = Release|Win32
		{1BAFD2AD-9548-4FA9-B268-6AFE5087845D}.Debug|x64.ActiveCfg = Debug|x64
		{1BAFD2AD-9548-4FA9-B268-6AFE5087845D}.Debug|x64.Build.0 = Debug|x64
		{1BAFD2AD-9548-4FA9-B268-6AFE5087845D}.Debug|x86.ActiveCfg = Debug|Win32
		{1BAFD2AD-9548-4FA9-B268-6AFE5087845D}.Debug|x86.Build.0 = Debug|Win32
		{1BAFD2AD-9548-4FA9-B268-6AFE5087845D}.Release|x64.ActiveCfg = Release|x64
		{1BAFD2AD-9548-4FA9-B268-6AFE5087845D}.Release|x64.Build.0 = Release|x64
		{1BAFD2AD-9548-4FA9-B268-6AFE5087845D}.Release|x86.ActiveCfg = Release|Win32
		{1BAFD2AD-9548-4FA9-B268-6AFE5087845D}.Release|x86.Build.0 = Release|Win32
		{DE71D516-D811-49F6-8C15-D99975C40801}.Debug|x64.ActiveCfg = Debug|x64
		{DE71D516-D811-49F6-8C15-D99975C40801}.Debug|x64.Build.0 = Debug|x64
		{DE71D516-D811-49F6-8C15-D99975C40801}.Debug|x86.ActiveCfg = Debug|Win32
		{DE71D516-D811-49F6-8C15-D99975C40801}.Debug|x86.Build.0 = Debug|Win32
		{DE71D516-D811-49F6-8C15-D99975C40801}.Release|x64.ActiveCfg = Release|x64
		{DE71D516-D811-49F6-8C15-D99975C40801}.Release|x64.Build.0 = Release|x64
		{DE71D516-D811-49F6-8C15-D99975C40801}.Release|x86.ActiveCfg = Release|Win32
		{DE71D516-D811-49F6-8C15-D99975C40801}.Release|x86.Build.0 = Release|Win32
		{F101E0B4-7314-4108-A666-6352B694D7DA}.Debug|x64.ActiveCfg = Debug|x64
		{F101E0B4-7314-4108-A666-6352B694D7DA}.Debug|x64.Build.0 = Debug|x64
		{F101E0B4-7314-4108-A666-6352B694D7DA}.Debug|x86.ActiveCfg = Debug|Win32
		{F101E0B4-7314-4108-A666-6352B694D7DA}.Debug|x86.Build.0 = Debug|Win32
		{F101E0B4-7314-4108-A666-6352B694D7DA}.Release|x64.ActiveCfg = Release|x64
		{F101E0B4-7314-4108-A666-6352B694D7DA}.Release|x64.Build.0 = Release|x64
		{F101E0B4-7314-4108-A666-6352B694D7DA}.Release|x86.ActiveCfg = Release|Win32
		{F101E0B4-7314-4108-A666-6352B694D7DA}.Release|x86.Build.0 = Release|Win32
		{A91A007A-6824-46F5-8BAF-B85788165210}.Debug|x64.ActiveCfg = Debug|x64
		{A91A007A-6824-46F5-8BAF-B85788165210}.Debug|x64.Build.0 = Debug|x64
		{A91A007A-6824-46F5-8BAF-B85788165210}.Debug|x86.ActiveCfg = Debug|Win32
		{A91A007A-6824-46F5-8BAF-B85788165210}.Debug|x86.Build.0 = Debug|Win32
		{A91A007A-6824-46F5-8BAF-B85788165210}.Release|x64.ActiveCfg = Release|x64
		{A91A007A-6824-46F5-8BAF-B85788165210}.Release|x64.Build.0 = Release|x64
		{A91A007A-6824-46F5-8BAF-B85788165210}.Release|x86.ActiveCfg = Release|Win32
		{A91A007A-6824-46F5-8BAF-B85788165210}.Release|x86.Build.0 = Release|Win32
		{46C3A848-DF97-4788-8F6B-44B651346880}.Debug|x64.ActiveCfg = Debug|x64
		{46C3A848-DF97-4788-8F6B-44B651346880}.Debug|x64.Build.0 = Debug|x64
		{46C3A848-DF97-4788-8F6B-44B651346880}.Debug|x86.ActiveCfg = Debug|Win32
		{46C3A848-DF97-4788-8F6B-44B651346880}.Debug|x86.Build.0 = Debug|Win32
		{46C3A848-DF97-4788-8F6B-44B651346880}.Release|x64.ActiveCfg = Release|x64
		{46C3A848-DF97-4788-8F6B-44B651346880}.Release|x64.Build.0 = Release|x64
		{46C3A848-DF97-4788-8F6B-44B651346880}.Release|x86.ActiveCfg = Release|Win32
		{46C3A848-DF97-4788-8F6B-44B651346880}.Release|x86.Build.0 = Release|Win32
	EndGlobalSection
	GlobalSection(SolutionProperties) = preSolution
		HideSolutionNode = FALSE
	EndGlobalSection
	GlobalSection(NestedProjects) = preSolution
		{973A60FF-EA6C-4D62-A302-BF610CABAB8C} = {CAA2B742-D7B9-41DC-9C61-880208C7F968}
		{2D93C9E6-A8BD-40E6-8FFE-CD15319B0241} = {CAA2B742-D7B9-41DC-9C61-880208C7F968}
		{0F78F3C8-D287-4A15-A69B-208B85C038F4} = {CAA2B742-D7B9-41DC-9C61-880208C7F968}
		{1685D511-3934-4F31-B8A3-AFA740F612B3} = {CAA2B742-D7B9-41DC-9C61-880208C7F968}
		{B86A5B24-69EF-42AD-86D9-E3AC4405A9CE} = {CAA2B742-D7B9-41DC-9C61-880208C7F968}
		{6E713839-F608-4BAF-8E91-CC36FB71C93A} = {CAA2B742-D7B9-41DC-9C61-880208C7F968}
		{8F03FE4A-AA74-4CFD-A703-C3460E7FA54F} = {15C329EC-7E1C-41DC-BF03-E2AED454DF44}
		{5BE5157A-41F1-4142-8DED-FD662FB9909A} = {15C329EC-7E1C-41DC-BF03-E2AED454DF44}
		{1BAFD2AD-9548-4FA9-B268-6AFE5087845D} = {15C329EC-7E1C-41DC-BF03-E2AED454DF44}
		{DE71D516-D811-49F6-8C15-D99975C40801} = {15C329EC-7E1C-41DC-BF03-E2AED454DF44}
		{F101E0B4-7314-4108-A666-6352B694D7DA} = {3DE6B0AA-BD89-4BAD-896F-78B0AA48AC09}
		{A91A007A-6824-46F5-8BAF-B85788165210} = {3DE6B0AA-BD89-4BAD-896F-78B0AA48AC09}
		{46C3A848-DF97-4788-8F6B-44B651346880} = {3DE6B0AA-BD89-4BAD-896F-78B0AA48AC09}
	EndGlobalSection
	GlobalSection(ExtensibilityGlobals) = postSolution
		SolutionGuid = {C0F9B664-84AC-44A1-814C-CC73EABFCB0E}
	EndGlobalSection
EndGlobal
