<?xml version="1.0" encoding="utf-8"?>
<Project ToolsVersion="4.0" xmlns="http://schemas.microsoft.com/developer/msbuild/2003">
  <ItemGroup>
    <Filter Include="qwadro">
      <UniqueIdentifier>{b6431235-55fe-4642-8ffd-16a65a827a88}</UniqueIdentifier>
    </Filter>
    <Filter Include="qwadro\sound">
      <UniqueIdentifier>{80d4d20d-a7dd-4576-964a-88b64778dff4}</UniqueIdentifier>
    </Filter>
    <Filter Include="qwadro\sound\io">
      <UniqueIdentifier>{fe0fccf6-b72e-4e12-9286-63877a0136e4}</UniqueIdentifier>
    </Filter>
    <Filter Include="qwadro\sound\pipe">
      <UniqueIdentifier>{75df2f39-7e9f-4e10-83cf-77a70feef893}</UniqueIdentifier>
    </Filter>
    <Filter Include="_dll">
      <UniqueIdentifier>{e079bb88-1f5f-4aad-abba-47ccd6d6b3a0}</UniqueIdentifier>
    </Filter>
    <Filter Include="qwadro\sound\dev">
      <UniqueIdentifier>{db2f4866-1478-42dd-9379-98482c0fec87}</UniqueIdentifier>
    </Filter>
  </ItemGroup>
  <ItemGroup>
    <ClInclude Include="resource.h">
      <Filter>_dll</Filter>
    </ClInclude>
    <ClInclude Include="..\..\inc\qwadro\sound\afxListener.h">
      <Filter>qwadro\sound</Filter>
    </ClInclude>
    <ClInclude Include="..\..\inc\qwadro\sound\afxSoundDefs.h">
      <Filter>qwadro\sound</Filter>
    </ClInclude>
    <ClInclude Include="..\..\inc\qwadro\sound\afxSoundSystem.h">
      <Filter>qwadro\sound</Filter>
    </ClInclude>
    <ClInclude Include="..\..\inc\qwadro\sound\io\afxSoundBuffer.h">
      <Filter>qwadro\sound\io</Filter>
    </ClInclude>
    <ClInclude Include="..\..\inc\qwadro\sound\io\asxTracker.h">
      <Filter>qwadro\sound\io</Filter>
    </ClInclude>
    <ClInclude Include="..\..\inc\qwadro\sound\io\asxBank.h">
      <Filter>qwadro\sound\io</Filter>
    </ClInclude>
    <ClInclude Include="..\..\inc\qwadro\sound\afxSoundOutput.h">
      <Filter>qwadro\sound</Filter>
    </ClInclude>
    <ClInclude Include="..\..\inc\qwadro\sound\afxSoundBridge.h">
      <Filter>qwadro\sound</Filter>
    </ClInclude>
    <ClInclude Include="..\..\inc\qwadro\sound\afxSoundContext.h">
      <Filter>qwadro\sound</Filter>
    </ClInclude>
    <ClInclude Include="..\..\inc\qwadro\sound\afxSoundInput.h">
      <Filter>qwadro\sound</Filter>
    </ClInclude>
    <ClInclude Include="..\..\src\afx\sound\dev\asxDevKit.h">
      <Filter>qwadro\sound\dev</Filter>
    </ClInclude>
    <ClInclude Include="..\..\src\afx\sound\dev\asxHostDevKit.h">
      <Filter>qwadro\sound\dev</Filter>
    </ClInclude>
    <ClInclude Include="..\..\src\afx\sound\dev\asxDeviceDevKit.h">
      <Filter>qwadro\sound\dev</Filter>
    </ClInclude>
  </ItemGroup>
  <ItemGroup>
    <ResourceCompile Include="e2sound.rc">
      <Filter>_dll</Filter>
    </ResourceCompile>
  </ItemGroup>
  <ItemGroup>
    <ClCompile Include="..\..\src\afx\sound\afxListener.c">
      <Filter>qwadro\sound</Filter>
    </ClCompile>
    <ClCompile Include="..\..\src\afx\sound\afxSoundSystem.c">
      <Filter>qwadro\sound</Filter>
    </ClCompile>
    <ClCompile Include="..\..\src\afx\sound\io\afxSoundBuffer.c">
      <Filter>qwadro\sound\io</Filter>
    </ClCompile>
    <ClCompile Include="..\..\src\afx\sound\io\asxTracker.c">
      <Filter>qwadro\sound\io</Filter>
    </ClCompile>
    <ClCompile Include="..\..\src\afx\sound\io\asxBank.c">
      <Filter>qwadro\sound\io</Filter>
    </ClCompile>
    <ClCompile Include="..\..\src\afx\sound\afxSoundInput.c">
      <Filter>qwadro\sound</Filter>
    </ClCompile>
    <ClCompile Include="..\..\src\afx\sound\afxSoundOutput.c">
      <Filter>qwadro\sound</Filter>
    </ClCompile>
    <ClCompile Include="..\..\src\afx\sound\afxSoundBridge.c">
      <Filter>qwadro\sound</Filter>
    </ClCompile>
    <ClCompile Include="..\..\src\afx\sound\afxSoundContext.c">
      <Filter>qwadro\sound</Filter>
    </ClCompile>
  </ItemGroup>
</Project>